// !$*UTF8*$!
{
	archiveVersion = 1;
	classes = {
	};
	objectVersion = 55;
	objects = {

/* Begin PBXBuildFile section */
		DE813DA589FD326AF95CA84D /* Pods_MovieList.framework in Frameworks */ = {isa = PBXBuildFile; fileRef = 6A908F096880D406FD523A60 /* Pods_MovieList.framework */; };
		F3A8553329712CE5007695A6 /* MovieEntity.swift in Sources */ = {isa = PBXBuildFile; fileRef = F3A8553229712CE5007695A6 /* MovieEntity.swift */; };
		F3A8553629712EA1007695A6 /* MovieRepository.swift in Sources */ = {isa = PBXBuildFile; fileRef = F3A8553529712EA1007695A6 /* MovieRepository.swift */; };
		F3A855392971316E007695A6 /* FetchMovieError.swift in Sources */ = {isa = PBXBuildFile; fileRef = F3A855382971316E007695A6 /* FetchMovieError.swift */; };
		F3A8553C2971364B007695A6 /* FetchMoviesUserCase.swift in Sources */ = {isa = PBXBuildFile; fileRef = F3A8553B2971364B007695A6 /* FetchMoviesUserCase.swift */; };
		F3A8553E29713665007695A6 /* FetchMoviesUserCaseImpl.swift in Sources */ = {isa = PBXBuildFile; fileRef = F3A8553D29713665007695A6 /* FetchMoviesUserCaseImpl.swift */; };
		F3A8554129713B54007695A6 /* MovieRepositoryImpl.swift in Sources */ = {isa = PBXBuildFile; fileRef = F3A8554029713B54007695A6 /* MovieRepositoryImpl.swift */; };
		F3EC727129711560000C8A41 /* AppDelegate.swift in Sources */ = {isa = PBXBuildFile; fileRef = F3EC727029711560000C8A41 /* AppDelegate.swift */; };
		F3EC727329711560000C8A41 /* SceneDelegate.swift in Sources */ = {isa = PBXBuildFile; fileRef = F3EC727229711560000C8A41 /* SceneDelegate.swift */; };
		F3EC727A29711562000C8A41 /* Assets.xcassets in Resources */ = {isa = PBXBuildFile; fileRef = F3EC727929711562000C8A41 /* Assets.xcassets */; };
		F3EC727D29711562000C8A41 /* LaunchScreen.storyboard in Resources */ = {isa = PBXBuildFile; fileRef = F3EC727B29711562000C8A41 /* LaunchScreen.storyboard */; };
		F3EC729029711732000C8A41 /* MovieListView.swift in Sources */ = {isa = PBXBuildFile; fileRef = F3EC728F29711732000C8A41 /* MovieListView.swift */; };
/* End PBXBuildFile section */

/* Begin PBXFileReference section */
		6A908F096880D406FD523A60 /* Pods_MovieList.framework */ = {isa = PBXFileReference; explicitFileType = wrapper.framework; includeInIndex = 0; path = Pods_MovieList.framework; sourceTree = BUILT_PRODUCTS_DIR; };
		94BDF75DBB9388858B327F1E /* Pods-MovieList.debug.xcconfig */ = {isa = PBXFileReference; includeInIndex = 1; lastKnownFileType = text.xcconfig; name = "Pods-MovieList.debug.xcconfig"; path = "Target Support Files/Pods-MovieList/Pods-MovieList.debug.xcconfig"; sourceTree = "<group>"; };
		CC70704938AD46B452C8C75A /* Pods-MovieList.release.xcconfig */ = {isa = PBXFileReference; includeInIndex = 1; lastKnownFileType = text.xcconfig; name = "Pods-MovieList.release.xcconfig"; path = "Target Support Files/Pods-MovieList/Pods-MovieList.release.xcconfig"; sourceTree = "<group>"; };
		F3A8553229712CE5007695A6 /* MovieEntity.swift */ = {isa = PBXFileReference; lastKnownFileType = sourcecode.swift; path = MovieEntity.swift; sourceTree = "<group>"; };
		F3A8553529712EA1007695A6 /* MovieRepository.swift */ = {isa = PBXFileReference; lastKnownFileType = sourcecode.swift; path = MovieRepository.swift; sourceTree = "<group>"; };
		F3A855382971316E007695A6 /* FetchMovieError.swift */ = {isa = PBXFileReference; lastKnownFileType = sourcecode.swift; path = FetchMovieError.swift; sourceTree = "<group>"; };
		F3A8553B2971364B007695A6 /* FetchMoviesUserCase.swift */ = {isa = PBXFileReference; lastKnownFileType = sourcecode.swift; path = FetchMoviesUserCase.swift; sourceTree = "<group>"; };
		F3A8553D29713665007695A6 /* FetchMoviesUserCaseImpl.swift */ = {isa = PBXFileReference; lastKnownFileType = sourcecode.swift; path = FetchMoviesUserCaseImpl.swift; sourceTree = "<group>"; };
		F3A8554029713B54007695A6 /* MovieRepositoryImpl.swift */ = {isa = PBXFileReference; lastKnownFileType = sourcecode.swift; path = MovieRepositoryImpl.swift; sourceTree = "<group>"; };
		F3EC726D29711560000C8A41 /* MovieList.app */ = {isa = PBXFileReference; explicitFileType = wrapper.application; includeInIndex = 0; path = MovieList.app; sourceTree = BUILT_PRODUCTS_DIR; };
		F3EC727029711560000C8A41 /* AppDelegate.swift */ = {isa = PBXFileReference; lastKnownFileType = sourcecode.swift; path = AppDelegate.swift; sourceTree = "<group>"; };
		F3EC727229711560000C8A41 /* SceneDelegate.swift */ = {isa = PBXFileReference; lastKnownFileType = sourcecode.swift; path = SceneDelegate.swift; sourceTree = "<group>"; };
		F3EC727929711562000C8A41 /* Assets.xcassets */ = {isa = PBXFileReference; lastKnownFileType = folder.assetcatalog; path = Assets.xcassets; sourceTree = "<group>"; };
		F3EC727C29711562000C8A41 /* Base */ = {isa = PBXFileReference; lastKnownFileType = file.storyboard; name = Base; path = Base.lproj/LaunchScreen.storyboard; sourceTree = "<group>"; };
		F3EC727E29711562000C8A41 /* Info.plist */ = {isa = PBXFileReference; lastKnownFileType = text.plist.xml; path = Info.plist; sourceTree = "<group>"; };
		F3EC728F29711732000C8A41 /* MovieListView.swift */ = {isa = PBXFileReference; lastKnownFileType = sourcecode.swift; path = MovieListView.swift; sourceTree = "<group>"; };
/* End PBXFileReference section */

/* Begin PBXFrameworksBuildPhase section */
		F3EC726A29711560000C8A41 /* Frameworks */ = {
			isa = PBXFrameworksBuildPhase;
			buildActionMask = 2147483647;
			files = (
				DE813DA589FD326AF95CA84D /* Pods_MovieList.framework in Frameworks */,
			);
			runOnlyForDeploymentPostprocessing = 0;
		};
/* End PBXFrameworksBuildPhase section */

/* Begin PBXGroup section */
		49A2701451001B388CBBA933 /* Pods */ = {
			isa = PBXGroup;
			children = (
				94BDF75DBB9388858B327F1E /* Pods-MovieList.debug.xcconfig */,
				CC70704938AD46B452C8C75A /* Pods-MovieList.release.xcconfig */,
			);
			name = Pods;
			path = Pods;
			sourceTree = "<group>";
		};
		BDA113D80D3A891FF5683532 /* Frameworks */ = {
			isa = PBXGroup;
			children = (
				6A908F096880D406FD523A60 /* Pods_MovieList.framework */,
			);
			name = Frameworks;
			sourceTree = "<group>";
		};
		F3A85531297127A2007695A6 /* Entity */ = {
			isa = PBXGroup;
			children = (
				F3A8553229712CE5007695A6 /* MovieEntity.swift */,
			);
			path = Entity;
			sourceTree = "<group>";
		};
		F3A8553429712E87007695A6 /* Repository */ = {
			isa = PBXGroup;
			children = (
				F3A8553529712EA1007695A6 /* MovieRepository.swift */,
			);
			path = Repository;
			sourceTree = "<group>";
		};
		F3A8553729713156007695A6 /* Error */ = {
			isa = PBXGroup;
			children = (
				F3A855382971316E007695A6 /* FetchMovieError.swift */,
			);
			path = Error;
			sourceTree = "<group>";
		};
		F3A8553A29713615007695A6 /* UserCase */ = {
			isa = PBXGroup;
			children = (
				F3A8553B2971364B007695A6 /* FetchMoviesUserCase.swift */,
				F3A8553D29713665007695A6 /* FetchMoviesUserCaseImpl.swift */,
			);
			path = UserCase;
			sourceTree = "<group>";
		};
		F3A8553F2971396A007695A6 /* Repository */ = {
			isa = PBXGroup;
			children = (
				F3A8554029713B54007695A6 /* MovieRepositoryImpl.swift */,
			);
			path = Repository;
			sourceTree = "<group>";
		};
		F3EC726429711560000C8A41 = {
			isa = PBXGroup;
			children = (
				F3EC726F29711560000C8A41 /* MovieList */,
				F3EC726E29711560000C8A41 /* Products */,
				49A2701451001B388CBBA933 /* Pods */,
				BDA113D80D3A891FF5683532 /* Frameworks */,
			);
			sourceTree = "<group>";
		};
		F3EC726E29711560000C8A41 /* Products */ = {
			isa = PBXGroup;
			children = (
				F3EC726D29711560000C8A41 /* MovieList.app */,
			);
			name = Products;
			sourceTree = "<group>";
		};
		F3EC726F29711560000C8A41 /* MovieList */ = {
			isa = PBXGroup;
			children = (
				F3EC72872971166A000C8A41 /* Various */,
				F3EC728629711662000C8A41 /* Network */,
				F3EC728529711654000C8A41 /* Helper */,
				F3EC72842971164B000C8A41 /* Movies */,
				F3EC727E29711562000C8A41 /* Info.plist */,
			);
			path = MovieList;
			sourceTree = "<group>";
		};
		F3EC72842971164B000C8A41 /* Movies */ = {
			isa = PBXGroup;
			children = (
				F3EC728A297116E5000C8A41 /* Data */,
				F3EC7289297116E0000C8A41 /* Domain */,
				F3EC7288297116D6000C8A41 /* Presentation */,
			);
			path = Movies;
			sourceTree = "<group>";
		};
		F3EC728529711654000C8A41 /* Helper */ = {
			isa = PBXGroup;
			children = (
			);
			path = Helper;
			sourceTree = "<group>";
		};
		F3EC728629711662000C8A41 /* Network */ = {
			isa = PBXGroup;
			children = (
			);
			path = Network;
			sourceTree = "<group>";
		};
		F3EC72872971166A000C8A41 /* Various */ = {
			isa = PBXGroup;
			children = (
				F3EC727029711560000C8A41 /* AppDelegate.swift */,
				F3EC727229711560000C8A41 /* SceneDelegate.swift */,
				F3EC727929711562000C8A41 /* Assets.xcassets */,
				F3EC727B29711562000C8A41 /* LaunchScreen.storyboard */,
			);
			path = Various;
			sourceTree = "<group>";
		};
		F3EC7288297116D6000C8A41 /* Presentation */ = {
			isa = PBXGroup;
			children = (
				F3EC728B29711700000C8A41 /* MovieList */,
			);
			path = Presentation;
			sourceTree = "<group>";
		};
		F3EC7289297116E0000C8A41 /* Domain */ = {
			isa = PBXGroup;
			children = (
				F3A8553A29713615007695A6 /* UserCase */,
				F3A8553729713156007695A6 /* Error */,
				F3A8553429712E87007695A6 /* Repository */,
				F3A85531297127A2007695A6 /* Entity */,
			);
			path = Domain;
			sourceTree = "<group>";
		};
		F3EC728A297116E5000C8A41 /* Data */ = {
			isa = PBXGroup;
			children = (
				F3A8553F2971396A007695A6 /* Repository */,
			);
			path = Data;
			sourceTree = "<group>";
		};
		F3EC728B29711700000C8A41 /* MovieList */ = {
			isa = PBXGroup;
			children = (
				F3EC728E29711713000C8A41 /* Model */,
				F3EC728D2971170C000C8A41 /* ViewModel */,
				F3EC728C29711709000C8A41 /* View */,
			);
			path = MovieList;
			sourceTree = "<group>";
		};
		F3EC728C29711709000C8A41 /* View */ = {
			isa = PBXGroup;
			children = (
				F3EC728F29711732000C8A41 /* MovieListView.swift */,
			);
			path = View;
			sourceTree = "<group>";
		};
		F3EC728D2971170C000C8A41 /* ViewModel */ = {
			isa = PBXGroup;
			children = (
			);
			path = ViewModel;
			sourceTree = "<group>";
		};
		F3EC728E29711713000C8A41 /* Model */ = {
			isa = PBXGroup;
			children = (
			);
			path = Model;
			sourceTree = "<group>";
		};
/* End PBXGroup section */

/* Begin PBXNativeTarget section */
		F3EC726C29711560000C8A41 /* MovieList */ = {
			isa = PBXNativeTarget;
			buildConfigurationList = F3EC728129711562000C8A41 /* Build configuration list for PBXNativeTarget "MovieList" */;
			buildPhases = (
				545B951937CEC7ECB34291B7 /* [CP] Check Pods Manifest.lock */,
				F3EC726929711560000C8A41 /* Sources */,
				F3EC726A29711560000C8A41 /* Frameworks */,
				F3EC726B29711560000C8A41 /* Resources */,
				6A00361256C2CCAE62D6E970 /* [CP] Embed Pods Frameworks */,
			);
			buildRules = (
			);
			dependencies = (
			);
			name = MovieList;
			productName = MovieList;
			productReference = F3EC726D29711560000C8A41 /* MovieList.app */;
			productType = "com.apple.product-type.application";
		};
/* End PBXNativeTarget section */

/* Begin PBXProject section */
		F3EC726529711560000C8A41 /* Project object */ = {
			isa = PBXProject;
			attributes = {
				BuildIndependentTargetsInParallel = 1;
				LastSwiftUpdateCheck = 1310;
				LastUpgradeCheck = 1310;
				TargetAttributes = {
					F3EC726C29711560000C8A41 = {
						CreatedOnToolsVersion = 13.1;
					};
				};
			};
			buildConfigurationList = F3EC726829711560000C8A41 /* Build configuration list for PBXProject "MovieList" */;
			compatibilityVersion = "Xcode 13.0";
			developmentRegion = en;
			hasScannedForEncodings = 0;
			knownRegions = (
				en,
				Base,
			);
			mainGroup = F3EC726429711560000C8A41;
			productRefGroup = F3EC726E29711560000C8A41 /* Products */;
			projectDirPath = "";
			projectRoot = "";
			targets = (
				F3EC726C29711560000C8A41 /* MovieList */,
			);
		};
/* End PBXProject section */

/* Begin PBXResourcesBuildPhase section */
		F3EC726B29711560000C8A41 /* Resources */ = {
			isa = PBXResourcesBuildPhase;
			buildActionMask = 2147483647;
			files = (
				F3EC727D29711562000C8A41 /* LaunchScreen.storyboard in Resources */,
				F3EC727A29711562000C8A41 /* Assets.xcassets in Resources */,
			);
			runOnlyForDeploymentPostprocessing = 0;
		};
/* End PBXResourcesBuildPhase section */

/* Begin PBXShellScriptBuildPhase section */
		545B951937CEC7ECB34291B7 /* [CP] Check Pods Manifest.lock */ = {
			isa = PBXShellScriptBuildPhase;
			buildActionMask = 2147483647;
			files = (
			);
			inputFileListPaths = (
			);
			inputPaths = (
				"${PODS_PODFILE_DIR_PATH}/Podfile.lock",
				"${PODS_ROOT}/Manifest.lock",
			);
			name = "[CP] Check Pods Manifest.lock";
			outputFileListPaths = (
			);
			outputPaths = (
				"$(DERIVED_FILE_DIR)/Pods-MovieList-checkManifestLockResult.txt",
			);
			runOnlyForDeploymentPostprocessing = 0;
			shellPath = /bin/sh;
			shellScript = "diff \"${PODS_PODFILE_DIR_PATH}/Podfile.lock\" \"${PODS_ROOT}/Manifest.lock\" > /dev/null\nif [ $? != 0 ] ; then\n    # print error to STDERR\n    echo \"error: The sandbox is not in sync with the Podfile.lock. Run 'pod install' or update your CocoaPods installation.\" >&2\n    exit 1\nfi\n# This output is used by Xcode 'outputs' to avoid re-running this script phase.\necho \"SUCCESS\" > \"${SCRIPT_OUTPUT_FILE_0}\"\n";
			showEnvVarsInLog = 0;
		};
		6A00361256C2CCAE62D6E970 /* [CP] Embed Pods Frameworks */ = {
			isa = PBXShellScriptBuildPhase;
			buildActionMask = 2147483647;
			files = (
			);
			inputFileListPaths = (
				"${PODS_ROOT}/Target Support Files/Pods-MovieList/Pods-MovieList-frameworks-${CONFIGURATION}-input-files.xcfilelist",
			);
			name = "[CP] Embed Pods Frameworks";
			outputFileListPaths = (
				"${PODS_ROOT}/Target Support Files/Pods-MovieList/Pods-MovieList-frameworks-${CONFIGURATION}-output-files.xcfilelist",
			);
			runOnlyForDeploymentPostprocessing = 0;
			shellPath = /bin/sh;
			shellScript = "\"${PODS_ROOT}/Target Support Files/Pods-MovieList/Pods-MovieList-frameworks.sh\"\n";
			showEnvVarsInLog = 0;
		};
/* End PBXShellScriptBuildPhase section */

/* Begin PBXSourcesBuildPhase section */
		F3EC726929711560000C8A41 /* Sources */ = {
			isa = PBXSourcesBuildPhase;
			buildActionMask = 2147483647;
			files = (
				F3EC727129711560000C8A41 /* AppDelegate.swift in Sources */,
				F3A8553329712CE5007695A6 /* MovieEntity.swift in Sources */,
				F3EC727329711560000C8A41 /* SceneDelegate.swift in Sources */,
				F3A8553C2971364B007695A6 /* FetchMoviesUserCase.swift in Sources */,
				F3A8554129713B54007695A6 /* MovieRepositoryImpl.swift in Sources */,
				F3A8553629712EA1007695A6 /* MovieRepository.swift in Sources */,
				F3A855392971316E007695A6 /* FetchMovieError.swift in Sources */,
				F3EC729029711732000C8A41 /* MovieListView.swift in Sources */,
				F3A8553E29713665007695A6 /* FetchMoviesUserCaseImpl.swift in Sources */,
			);
			runOnlyForDeploymentPostprocessing = 0;
		};
/* End PBXSourcesBuildPhase section */

/* Begin PBXVariantGroup section */
		F3EC727B29711562000C8A41 /* LaunchScreen.storyboard */ = {
			isa = PBXVariantGroup;
			children = (
				F3EC727C29711562000C8A41 /* Base */,
			);
			name = LaunchScreen.storyboard;
			sourceTree = "<group>";
		};
/* End PBXVariantGroup section */

/* Begin XCBuildConfiguration section */
		F3EC727F29711562000C8A41 /* Debug */ = {
			isa = XCBuildConfiguration;
			buildSettings = {
				ALWAYS_SEARCH_USER_PATHS = NO;
				CLANG_ANALYZER_NONNULL = YES;
				CLANG_ANALYZER_NUMBER_OBJECT_CONVERSION = YES_AGGRESSIVE;
				CLANG_CXX_LANGUAGE_STANDARD = "gnu++17";
				CLANG_CXX_LIBRARY = "libc++";
				CLANG_ENABLE_MODULES = YES;
				CLANG_ENABLE_OBJC_ARC = YES;
				CLANG_ENABLE_OBJC_WEAK = YES;
				CLANG_WARN_BLOCK_CAPTURE_AUTORELEASING = YES;
				CLANG_WARN_BOOL_CONVERSION = YES;
				CLANG_WARN_COMMA = YES;
				CLANG_WARN_CONSTANT_CONVERSION = YES;
				CLANG_WARN_DEPRECATED_OBJC_IMPLEMENTATIONS = YES;
				CLANG_WARN_DIRECT_OBJC_ISA_USAGE = YES_ERROR;
				CLANG_WARN_DOCUMENTATION_COMMENTS = YES;
				CLANG_WARN_EMPTY_BODY = YES;
				CLANG_WARN_ENUM_CONVERSION = YES;
				CLANG_WARN_INFINITE_RECURSION = YES;
				CLANG_WARN_INT_CONVERSION = YES;
				CLANG_WARN_NON_LITERAL_NULL_CONVERSION = YES;
				CLANG_WARN_OBJC_IMPLICIT_RETAIN_SELF = YES;
				CLANG_WARN_OBJC_LITERAL_CONVERSION = YES;
				CLANG_WARN_OBJC_ROOT_CLASS = YES_ERROR;
				CLANG_WARN_QUOTED_INCLUDE_IN_FRAMEWORK_HEADER = YES;
				CLANG_WARN_RANGE_LOOP_ANALYSIS = YES;
				CLANG_WARN_STRICT_PROTOTYPES = YES;
				CLANG_WARN_SUSPICIOUS_MOVE = YES;
				CLANG_WARN_UNGUARDED_AVAILABILITY = YES_AGGRESSIVE;
				CLANG_WARN_UNREACHABLE_CODE = YES;
				CLANG_WARN__DUPLICATE_METHOD_MATCH = YES;
				COPY_PHASE_STRIP = NO;
				DEBUG_INFORMATION_FORMAT = dwarf;
				ENABLE_STRICT_OBJC_MSGSEND = YES;
				ENABLE_TESTABILITY = YES;
				GCC_C_LANGUAGE_STANDARD = gnu11;
				GCC_DYNAMIC_NO_PIC = NO;
				GCC_NO_COMMON_BLOCKS = YES;
				GCC_OPTIMIZATION_LEVEL = 0;
				GCC_PREPROCESSOR_DEFINITIONS = (
					"DEBUG=1",
					"$(inherited)",
				);
				GCC_WARN_64_TO_32_BIT_CONVERSION = YES;
				GCC_WARN_ABOUT_RETURN_TYPE = YES_ERROR;
				GCC_WARN_UNDECLARED_SELECTOR = YES;
				GCC_WARN_UNINITIALIZED_AUTOS = YES_AGGRESSIVE;
				GCC_WARN_UNUSED_FUNCTION = YES;
				GCC_WARN_UNUSED_VARIABLE = YES;
				IPHONEOS_DEPLOYMENT_TARGET = 15.0;
				MTL_ENABLE_DEBUG_INFO = INCLUDE_SOURCE;
				MTL_FAST_MATH = YES;
				ONLY_ACTIVE_ARCH = YES;
				SDKROOT = iphoneos;
				SWIFT_ACTIVE_COMPILATION_CONDITIONS = DEBUG;
				SWIFT_OPTIMIZATION_LEVEL = "-Onone";
			};
			name = Debug;
		};
		F3EC728029711562000C8A41 /* Release */ = {
			isa = XCBuildConfiguration;
			buildSettings = {
				ALWAYS_SEARCH_USER_PATHS = NO;
				CLANG_ANALYZER_NONNULL = YES;
				CLANG_ANALYZER_NUMBER_OBJECT_CONVERSION = YES_AGGRESSIVE;
				CLANG_CXX_LANGUAGE_STANDARD = "gnu++17";
				CLANG_CXX_LIBRARY = "libc++";
				CLANG_ENABLE_MODULES = YES;
				CLANG_ENABLE_OBJC_ARC = YES;
				CLANG_ENABLE_OBJC_WEAK = YES;
				CLANG_WARN_BLOCK_CAPTURE_AUTORELEASING = YES;
				CLANG_WARN_BOOL_CONVERSION = YES;
				CLANG_WARN_COMMA = YES;
				CLANG_WARN_CONSTANT_CONVERSION = YES;
				CLANG_WARN_DEPRECATED_OBJC_IMPLEMENTATIONS = YES;
				CLANG_WARN_DIRECT_OBJC_ISA_USAGE = YES_ERROR;
				CLANG_WARN_DOCUMENTATION_COMMENTS = YES;
				CLANG_WARN_EMPTY_BODY = YES;
				CLANG_WARN_ENUM_CONVERSION = YES;
				CLANG_WARN_INFINITE_RECURSION = YES;
				CLANG_WARN_INT_CONVERSION = YES;
				CLANG_WARN_NON_LITERAL_NULL_CONVERSION = YES;
				CLANG_WARN_OBJC_IMPLICIT_RETAIN_SELF = YES;
				CLANG_WARN_OBJC_LITERAL_CONVERSION = YES;
				CLANG_WARN_OBJC_ROOT_CLASS = YES_ERROR;
				CLANG_WARN_QUOTED_INCLUDE_IN_FRAMEWORK_HEADER = YES;
				CLANG_WARN_RANGE_LOOP_ANALYSIS = YES;
				CLANG_WARN_STRICT_PROTOTYPES = YES;
				CLANG_WARN_SUSPICIOUS_MOVE = YES;
				CLANG_WARN_UNGUARDED_AVAILABILITY = YES_AGGRESSIVE;
				CLANG_WARN_UNREACHABLE_CODE = YES;
				CLANG_WARN__DUPLICATE_METHOD_MATCH = YES;
				COPY_PHASE_STRIP = NO;
				DEBUG_INFORMATION_FORMAT = "dwarf-with-dsym";
				ENABLE_NS_ASSERTIONS = NO;
				ENABLE_STRICT_OBJC_MSGSEND = YES;
				GCC_C_LANGUAGE_STANDARD = gnu11;
				GCC_NO_COMMON_BLOCKS = YES;
				GCC_WARN_64_TO_32_BIT_CONVERSION = YES;
				GCC_WARN_ABOUT_RETURN_TYPE = YES_ERROR;
				GCC_WARN_UNDECLARED_SELECTOR = YES;
				GCC_WARN_UNINITIALIZED_AUTOS = YES_AGGRESSIVE;
				GCC_WARN_UNUSED_FUNCTION = YES;
				GCC_WARN_UNUSED_VARIABLE = YES;
				IPHONEOS_DEPLOYMENT_TARGET = 15.0;
				MTL_ENABLE_DEBUG_INFO = NO;
				MTL_FAST_MATH = YES;
				SDKROOT = iphoneos;
				SWIFT_COMPILATION_MODE = wholemodule;
				SWIFT_OPTIMIZATION_LEVEL = "-O";
				VALIDATE_PRODUCT = YES;
			};
			name = Release;
		};
		F3EC728229711562000C8A41 /* Debug */ = {
			isa = XCBuildConfiguration;
			baseConfigurationReference = 94BDF75DBB9388858B327F1E /* Pods-MovieList.debug.xcconfig */;
			buildSettings = {
				ASSETCATALOG_COMPILER_APPICON_NAME = AppIcon;
				ASSETCATALOG_COMPILER_GLOBAL_ACCENT_COLOR_NAME = AccentColor;
				CODE_SIGN_STYLE = Automatic;
				CURRENT_PROJECT_VERSION = 1;
				DEVELOPMENT_TEAM = ZX9XPCSA65;
				GENERATE_INFOPLIST_FILE = YES;
				INFOPLIST_FILE = MovieList/Info.plist;
				INFOPLIST_KEY_UIApplicationSupportsIndirectInputEvents = YES;
				INFOPLIST_KEY_UILaunchStoryboardName = LaunchScreen;
				INFOPLIST_KEY_UISupportedInterfaceOrientations_iPad = "UIInterfaceOrientationPortrait UIInterfaceOrientationPortraitUpsideDown UIInterfaceOrientationLandscapeLeft UIInterfaceOrientationLandscapeRight";
				INFOPLIST_KEY_UISupportedInterfaceOrientations_iPhone = "UIInterfaceOrientationPortrait UIInterfaceOrientationLandscapeLeft UIInterfaceOrientationLandscapeRight";
				LD_RUNPATH_SEARCH_PATHS = (
					"$(inherited)",
					"@executable_path/Frameworks",
				);
				MARKETING_VERSION = 1.0;
				PRODUCT_BUNDLE_IDENTIFIER = com.ahmadshiddiq.MovieList;
				PRODUCT_NAME = "$(TARGET_NAME)";
				SWIFT_EMIT_LOC_STRINGS = YES;
				SWIFT_VERSION = 5.0;
				TARGETED_DEVICE_FAMILY = "1,2";
			};
			name = Debug;
		};
		F3EC728329711562000C8A41 /* Release */ = {
			isa = XCBuildConfiguration;
			baseConfigurationReference = CC70704938AD46B452C8C75A /* Pods-MovieList.release.xcconfig */;
			buildSettings = {
				ASSETCATALOG_COMPILER_APPICON_NAME = AppIcon;
				ASSETCATALOG_COMPILER_GLOBAL_ACCENT_COLOR_NAME = AccentColor;
				CODE_SIGN_STYLE = Automatic;
				CURRENT_PROJECT_VERSION = 1;
				DEVELOPMENT_TEAM = ZX9XPCSA65;
				GENERATE_INFOPLIST_FILE = YES;
				INFOPLIST_FILE = MovieList/Info.plist;
				INFOPLIST_KEY_UIApplicationSupportsIndirectInputEvents = YES;
				INFOPLIST_KEY_UILaunchStoryboardName = LaunchScreen;
				INFOPLIST_KEY_UISupportedInterfaceOrientations_iPad = "UIInterfaceOrientationPortrait UIInterfaceOrientationPortraitUpsideDown UIInterfaceOrientationLandscapeLeft UIInterfaceOrientationLandscapeRight";
				INFOPLIST_KEY_UISupportedInterfaceOrientations_iPhone = "UIInterfaceOrientationPortrait UIInterfaceOrientationLandscapeLeft UIInterfaceOrientationLandscapeRight";
				LD_RUNPATH_SEARCH_PATHS = (
					"$(inherited)",
					"@executable_path/Frameworks",
				);
				MARKETING_VERSION = 1.0;
				PRODUCT_BUNDLE_IDENTIFIER = com.ahmadshiddiq.MovieList;
				PRODUCT_NAME = "$(TARGET_NAME)";
				SWIFT_EMIT_LOC_STRINGS = YES;
				SWIFT_VERSION = 5.0;
				TARGETED_DEVICE_FAMILY = "1,2";
			};
			name = Release;
		};
/* End XCBuildConfiguration section */

/* Begin XCConfigurationList section */
		F3EC726829711560000C8A41 /* Build configuration list for PBXProject "MovieList" */ = {
			isa = XCConfigurationList;
			buildConfigurations = (
				F3EC727F29711562000C8A41 /* Debug */,
				F3EC728029711562000C8A41 /* Release */,
			);
			defaultConfigurationIsVisible = 0;
			defaultConfigurationName = Release;
		};
		F3EC728129711562000C8A41 /* Build configuration list for PBXNativeTarget "MovieList" */ = {
			isa = XCConfigurationList;
			buildConfigurations = (
				F3EC728229711562000C8A41 /* Debug */,
				F3EC728329711562000C8A41 /* Release */,
			);
			defaultConfigurationIsVisible = 0;
			defaultConfigurationName = Release;
		};
/* End XCConfigurationList section */
	};
	rootObject = F3EC726529711560000C8A41 /* Project object */;
}
