// !$*UTF8*$!
{
	archiveVersion = 1;
	classes = {
	};
	objectVersion = 55;
	objects = {

/* Begin PBXBuildFile section */
		6438FDAD8925D1E505F60E41 /* Pods_Movies.framework in Frameworks */ = {isa = PBXBuildFile; fileRef = 8CDC031CE6EE9E663A96D938 /* Pods_Movies.framework */; };
		F319F1782971463A00053309 /* MoviesApiActionFactory.swift in Sources */ = {isa = PBXBuildFile; fileRef = F319F1772971463A00053309 /* MoviesApiActionFactory.swift */; };
		F319F17A2971465200053309 /* MoviesApiActionFactoryImpl.swift in Sources */ = {isa = PBXBuildFile; fileRef = F319F1792971465200053309 /* MoviesApiActionFactoryImpl.swift */; };
		F346B876297B6084005FCFC6 /* TabBarView.swift in Sources */ = {isa = PBXBuildFile; fileRef = F346B875297B6084005FCFC6 /* TabBarView.swift */; };
		F346B87B297B6255005FCFC6 /* TabBarEntity.swift in Sources */ = {isa = PBXBuildFile; fileRef = F346B87A297B6255005FCFC6 /* TabBarEntity.swift */; };
		F346B880297B7153005FCFC6 /* NavigationExtension.swift in Sources */ = {isa = PBXBuildFile; fileRef = F346B87F297B7153005FCFC6 /* NavigationExtension.swift */; };
		F346B88C297B7389005FCFC6 /* SearchView.swift in Sources */ = {isa = PBXBuildFile; fileRef = F346B88B297B7389005FCFC6 /* SearchView.swift */; };
		F346B88E297B73DE005FCFC6 /* FavoriteView.swift in Sources */ = {isa = PBXBuildFile; fileRef = F346B88D297B73DE005FCFC6 /* FavoriteView.swift */; };
		F346B890297B76DC005FCFC6 /* SearchViewModel.swift in Sources */ = {isa = PBXBuildFile; fileRef = F346B88F297B76DC005FCFC6 /* SearchViewModel.swift */; };
		F346B895297B7A3E005FCFC6 /* SearchMovieApiFactory.swift in Sources */ = {isa = PBXBuildFile; fileRef = F346B894297B7A3E005FCFC6 /* SearchMovieApiFactory.swift */; };
		F346B897297B7A4B005FCFC6 /* SearchMovieApiFactoryImpl.swift in Sources */ = {isa = PBXBuildFile; fileRef = F346B896297B7A4B005FCFC6 /* SearchMovieApiFactoryImpl.swift */; };
		F346B89A297B7BD6005FCFC6 /* SearchMovieRepository.swift in Sources */ = {isa = PBXBuildFile; fileRef = F346B899297B7BD6005FCFC6 /* SearchMovieRepository.swift */; };
		F346B89D297B7C5D005FCFC6 /* SearchMovieRepositoryImpl.swift in Sources */ = {isa = PBXBuildFile; fileRef = F346B89C297B7C5D005FCFC6 /* SearchMovieRepositoryImpl.swift */; };
		F346B8A0297B7EB0005FCFC6 /* FetchSearchMovieUseCase.swift in Sources */ = {isa = PBXBuildFile; fileRef = F346B89F297B7EB0005FCFC6 /* FetchSearchMovieUseCase.swift */; };
		F346B8A2297B7EB9005FCFC6 /* FetchSearchMovieUseCaseImpl.swift in Sources */ = {isa = PBXBuildFile; fileRef = F346B8A1297B7EB9005FCFC6 /* FetchSearchMovieUseCaseImpl.swift */; };
		F3520BD7297E22FE007D82A6 /* Videos.swift in Sources */ = {isa = PBXBuildFile; fileRef = F3520BD6297E22FE007D82A6 /* Videos.swift */; };
		F3520BD9297E230C007D82A6 /* Video.swift in Sources */ = {isa = PBXBuildFile; fileRef = F3520BD8297E230C007D82A6 /* Video.swift */; };
		F3520BDD297E256C007D82A6 /* DetailModel.swift in Sources */ = {isa = PBXBuildFile; fileRef = F3520BDC297E256C007D82A6 /* DetailModel.swift */; };
		F3520BDF297E25B6007D82A6 /* GenreModel.swift in Sources */ = {isa = PBXBuildFile; fileRef = F3520BDE297E25B6007D82A6 /* GenreModel.swift */; };
		F3520BE1297E25C7007D82A6 /* VideoModel.swift in Sources */ = {isa = PBXBuildFile; fileRef = F3520BE0297E25C7007D82A6 /* VideoModel.swift */; };
		F3520BE3297E25F1007D82A6 /* ProductionModel.swift in Sources */ = {isa = PBXBuildFile; fileRef = F3520BE2297E25F1007D82A6 /* ProductionModel.swift */; };
		F3520BE5297E2621007D82A6 /* BelongsCollectionModel.swift in Sources */ = {isa = PBXBuildFile; fileRef = F3520BE4297E2621007D82A6 /* BelongsCollectionModel.swift */; };
		F3520BE7297E2949007D82A6 /* VideoExtension.swift in Sources */ = {isa = PBXBuildFile; fileRef = F3520BE6297E2949007D82A6 /* VideoExtension.swift */; };
		F3520BE9297E2A95007D82A6 /* Image.swift in Sources */ = {isa = PBXBuildFile; fileRef = F3520BE8297E2A95007D82A6 /* Image.swift */; };
		F3520BED297E2F36007D82A6 /* GenreMovieView.swift in Sources */ = {isa = PBXBuildFile; fileRef = F3520BEC297E2F36007D82A6 /* GenreMovieView.swift */; };
		F3520BEF297E357B007D82A6 /* RatingMovieView.swift in Sources */ = {isa = PBXBuildFile; fileRef = F3520BEE297E357B007D82A6 /* RatingMovieView.swift */; };
		F3520BF1297E36AF007D82A6 /* RatingExtension.swift in Sources */ = {isa = PBXBuildFile; fileRef = F3520BF0297E36AF007D82A6 /* RatingExtension.swift */; };
		F3520BF4297E3E0E007D82A6 /* DetailMovieFactory.swift in Sources */ = {isa = PBXBuildFile; fileRef = F3520BF3297E3E0E007D82A6 /* DetailMovieFactory.swift */; };
		F3520BF6297E3E1D007D82A6 /* DetailMovieFactoryImpl.swift in Sources */ = {isa = PBXBuildFile; fileRef = F3520BF5297E3E1D007D82A6 /* DetailMovieFactoryImpl.swift */; };
		F3520BF9297E4037007D82A6 /* DetailMovieRepository.swift in Sources */ = {isa = PBXBuildFile; fileRef = F3520BF8297E4037007D82A6 /* DetailMovieRepository.swift */; };
		F3520BFC297E40FB007D82A6 /* DetailMovieRepositoryImpl.swift in Sources */ = {isa = PBXBuildFile; fileRef = F3520BFB297E40FB007D82A6 /* DetailMovieRepositoryImpl.swift */; };
		F3520BFF297E424F007D82A6 /* FetchDetailMovieUseCase.swift in Sources */ = {isa = PBXBuildFile; fileRef = F3520BFE297E424F007D82A6 /* FetchDetailMovieUseCase.swift */; };
		F3520C01297E4258007D82A6 /* FetchDetailMovieUseCaseImpl.swift in Sources */ = {isa = PBXBuildFile; fileRef = F3520C00297E4258007D82A6 /* FetchDetailMovieUseCaseImpl.swift */; };
		F3520C03297E48E9007D82A6 /* RouterExtension.swift in Sources */ = {isa = PBXBuildFile; fileRef = F3520C02297E48E9007D82A6 /* RouterExtension.swift */; };
		F35CDE1F2974EE2300F9D273 /* Error.swift in Sources */ = {isa = PBXBuildFile; fileRef = F35CDE1E2974EE2300F9D273 /* Error.swift */; };
		F35CDE212975022A00F9D273 /* MovieListViewModel.swift in Sources */ = {isa = PBXBuildFile; fileRef = F35CDE202975022A00F9D273 /* MovieListViewModel.swift */; };
		F35CDE262975200600F9D273 /* Banner.swift in Sources */ = {isa = PBXBuildFile; fileRef = F35CDE252975200600F9D273 /* Banner.swift */; };
		F38347212979302100017379 /* ViewExtension.swift in Sources */ = {isa = PBXBuildFile; fileRef = F38347202979302100017379 /* ViewExtension.swift */; };
		F38347232979350800017379 /* TextExtension.swift in Sources */ = {isa = PBXBuildFile; fileRef = F38347222979350800017379 /* TextExtension.swift */; };
		F3955564297F5E1A002C1B99 /* ReviewModel.swift in Sources */ = {isa = PBXBuildFile; fileRef = F3955563297F5E1A002C1B99 /* ReviewModel.swift */; };
		F3955566297F617B002C1B99 /* Review.swift in Sources */ = {isa = PBXBuildFile; fileRef = F3955565297F617B002C1B99 /* Review.swift */; };
		F3955568297F658A002C1B99 /* Reviews.swift in Sources */ = {isa = PBXBuildFile; fileRef = F3955567297F658A002C1B99 /* Reviews.swift */; };
		F395556C297F7665002C1B99 /* FavoriteSaved.swift in Sources */ = {isa = PBXBuildFile; fileRef = F395556B297F7665002C1B99 /* FavoriteSaved.swift */; };
		F395556E297F77FC002C1B99 /* FavoriteButtonView.swift in Sources */ = {isa = PBXBuildFile; fileRef = F395556D297F77FC002C1B99 /* FavoriteButtonView.swift */; };
		F3955570297F7AE8002C1B99 /* ImageExtension.swift in Sources */ = {isa = PBXBuildFile; fileRef = F395556F297F7AE8002C1B99 /* ImageExtension.swift */; };
		F3996211297A706C00D35804 /* GenreEntity.swift in Sources */ = {isa = PBXBuildFile; fileRef = F3996210297A706C00D35804 /* GenreEntity.swift */; };
		F3A1E5B6297D1346000DBB94 /* EmptyView.swift in Sources */ = {isa = PBXBuildFile; fileRef = F3A1E5B5297D1346000DBB94 /* EmptyView.swift */; };
		F3A1E5B8297D14C7000DBB94 /* FavoriteViewModel.swift in Sources */ = {isa = PBXBuildFile; fileRef = F3A1E5B7297D14C7000DBB94 /* FavoriteViewModel.swift */; };
		F3A1E5C1297D1788000DBB94 /* DetailView.swift in Sources */ = {isa = PBXBuildFile; fileRef = F3A1E5C0297D1788000DBB94 /* DetailView.swift */; };
		F3A1E5C3297D18AD000DBB94 /* DetailViewModel.swift in Sources */ = {isa = PBXBuildFile; fileRef = F3A1E5C2297D18AD000DBB94 /* DetailViewModel.swift */; };
		F3A8553329712CE5007695A6 /* MovieEntity.swift in Sources */ = {isa = PBXBuildFile; fileRef = F3A8553229712CE5007695A6 /* MovieEntity.swift */; };
		F3A8553629712EA1007695A6 /* MovieRepository.swift in Sources */ = {isa = PBXBuildFile; fileRef = F3A8553529712EA1007695A6 /* MovieRepository.swift */; };
		F3A8553C2971364B007695A6 /* FetchMoviesUseCase.swift in Sources */ = {isa = PBXBuildFile; fileRef = F3A8553B2971364B007695A6 /* FetchMoviesUseCase.swift */; };
		F3A8553E29713665007695A6 /* FetchMoviesUseCaseImpl.swift in Sources */ = {isa = PBXBuildFile; fileRef = F3A8553D29713665007695A6 /* FetchMoviesUseCaseImpl.swift */; };
		F3A8554129713B54007695A6 /* MovieRepositoryImpl.swift in Sources */ = {isa = PBXBuildFile; fileRef = F3A8554029713B54007695A6 /* MovieRepositoryImpl.swift */; };
		F3A8554329713F3F007695A6 /* API.swift in Sources */ = {isa = PBXBuildFile; fileRef = F3A8554229713F3F007695A6 /* API.swift */; };
		F3A8554629713F74007695A6 /* AppConstants.swift in Sources */ = {isa = PBXBuildFile; fileRef = F3A8554529713F74007695A6 /* AppConstants.swift */; };
		F3B3E869297870B800864688 /* MoviesView.swift in Sources */ = {isa = PBXBuildFile; fileRef = F3B3E868297870B800864688 /* MoviesView.swift */; };
		F3B6D8C42978EDDD0094A3CD /* Banners.swift in Sources */ = {isa = PBXBuildFile; fileRef = F3B6D8C32978EDDD0094A3CD /* Banners.swift */; };
		F3B6D8C62978F0420094A3CD /* StringExtension.swift in Sources */ = {isa = PBXBuildFile; fileRef = F3B6D8C52978F0420094A3CD /* StringExtension.swift */; };
		F3B6D8C92978F0E30094A3CD /* LoadingView.swift in Sources */ = {isa = PBXBuildFile; fileRef = F3B6D8C82978F0E30094A3CD /* LoadingView.swift */; };
		F3C849FE29716A9800EE77A7 /* NetworkRepository.swift in Sources */ = {isa = PBXBuildFile; fileRef = F3C849FD29716A9800EE77A7 /* NetworkRepository.swift */; };
		F3C84A0029716AA900EE77A7 /* NetworkRepositoryImpl.swift in Sources */ = {isa = PBXBuildFile; fileRef = F3C849FF29716AA900EE77A7 /* NetworkRepositoryImpl.swift */; };
		F3DA456D2978FA4600401797 /* Genre.swift in Sources */ = {isa = PBXBuildFile; fileRef = F3DA456C2978FA4600401797 /* Genre.swift */; };
		F3DA456F2979007D00401797 /* Genres.swift in Sources */ = {isa = PBXBuildFile; fileRef = F3DA456E2979007D00401797 /* Genres.swift */; };
		F3DA457229790A3900401797 /* Movies.swift in Sources */ = {isa = PBXBuildFile; fileRef = F3DA457129790A3900401797 /* Movies.swift */; };
		F3DA457429790A7700401797 /* Movie.swift in Sources */ = {isa = PBXBuildFile; fileRef = F3DA457329790A7700401797 /* Movie.swift */; };
		F3EC727129711560000C8A41 /* AppDelegate.swift in Sources */ = {isa = PBXBuildFile; fileRef = F3EC727029711560000C8A41 /* AppDelegate.swift */; };
		F3EC727329711560000C8A41 /* SceneDelegate.swift in Sources */ = {isa = PBXBuildFile; fileRef = F3EC727229711560000C8A41 /* SceneDelegate.swift */; };
		F3EC727A29711562000C8A41 /* Assets.xcassets in Resources */ = {isa = PBXBuildFile; fileRef = F3EC727929711562000C8A41 /* Assets.xcassets */; };
		F3EC727D29711562000C8A41 /* LaunchScreen.storyboard in Resources */ = {isa = PBXBuildFile; fileRef = F3EC727B29711562000C8A41 /* LaunchScreen.storyboard */; };
		F3F1410E297A490C006589CA /* MovieType.swift in Sources */ = {isa = PBXBuildFile; fileRef = F3F1410D297A490C006589CA /* MovieType.swift */; };
/* End PBXBuildFile section */

/* Begin PBXFileReference section */
		8CDC031CE6EE9E663A96D938 /* Pods_Movies.framework */ = {isa = PBXFileReference; explicitFileType = wrapper.framework; includeInIndex = 0; path = Pods_Movies.framework; sourceTree = BUILT_PRODUCTS_DIR; };
		94BDF75DBB9388858B327F1E /* Pods-MovieList.debug.xcconfig */ = {isa = PBXFileReference; includeInIndex = 1; lastKnownFileType = text.xcconfig; name = "Pods-MovieList.debug.xcconfig"; path = "Target Support Files/Pods-MovieList/Pods-MovieList.debug.xcconfig"; sourceTree = "<group>"; };
		B5A0DCE46DF3506AEBA3FF48 /* Pods-Movies.release.xcconfig */ = {isa = PBXFileReference; includeInIndex = 1; lastKnownFileType = text.xcconfig; name = "Pods-Movies.release.xcconfig"; path = "Target Support Files/Pods-Movies/Pods-Movies.release.xcconfig"; sourceTree = "<group>"; };
		B7F256E77F43C8FCBB499125 /* Pods-Movies.debug.xcconfig */ = {isa = PBXFileReference; includeInIndex = 1; lastKnownFileType = text.xcconfig; name = "Pods-Movies.debug.xcconfig"; path = "Target Support Files/Pods-Movies/Pods-Movies.debug.xcconfig"; sourceTree = "<group>"; };
		CC70704938AD46B452C8C75A /* Pods-MovieList.release.xcconfig */ = {isa = PBXFileReference; includeInIndex = 1; lastKnownFileType = text.xcconfig; name = "Pods-MovieList.release.xcconfig"; path = "Target Support Files/Pods-MovieList/Pods-MovieList.release.xcconfig"; sourceTree = "<group>"; };
		F319F1772971463A00053309 /* MoviesApiActionFactory.swift */ = {isa = PBXFileReference; lastKnownFileType = sourcecode.swift; path = MoviesApiActionFactory.swift; sourceTree = "<group>"; };
		F319F1792971465200053309 /* MoviesApiActionFactoryImpl.swift */ = {isa = PBXFileReference; lastKnownFileType = sourcecode.swift; path = MoviesApiActionFactoryImpl.swift; sourceTree = "<group>"; };
		F346B875297B6084005FCFC6 /* TabBarView.swift */ = {isa = PBXFileReference; lastKnownFileType = sourcecode.swift; path = TabBarView.swift; sourceTree = "<group>"; };
		F346B87A297B6255005FCFC6 /* TabBarEntity.swift */ = {isa = PBXFileReference; lastKnownFileType = sourcecode.swift; path = TabBarEntity.swift; sourceTree = "<group>"; };
		F346B87F297B7153005FCFC6 /* NavigationExtension.swift */ = {isa = PBXFileReference; lastKnownFileType = sourcecode.swift; path = NavigationExtension.swift; sourceTree = "<group>"; };
		F346B88B297B7389005FCFC6 /* SearchView.swift */ = {isa = PBXFileReference; lastKnownFileType = sourcecode.swift; path = SearchView.swift; sourceTree = "<group>"; };
		F346B88D297B73DE005FCFC6 /* FavoriteView.swift */ = {isa = PBXFileReference; lastKnownFileType = sourcecode.swift; path = FavoriteView.swift; sourceTree = "<group>"; };
		F346B88F297B76DC005FCFC6 /* SearchViewModel.swift */ = {isa = PBXFileReference; lastKnownFileType = sourcecode.swift; path = SearchViewModel.swift; sourceTree = "<group>"; };
		F346B894297B7A3E005FCFC6 /* SearchMovieApiFactory.swift */ = {isa = PBXFileReference; lastKnownFileType = sourcecode.swift; path = SearchMovieApiFactory.swift; sourceTree = "<group>"; };
		F346B896297B7A4B005FCFC6 /* SearchMovieApiFactoryImpl.swift */ = {isa = PBXFileReference; lastKnownFileType = sourcecode.swift; path = SearchMovieApiFactoryImpl.swift; sourceTree = "<group>"; };
		F346B899297B7BD6005FCFC6 /* SearchMovieRepository.swift */ = {isa = PBXFileReference; lastKnownFileType = sourcecode.swift; path = SearchMovieRepository.swift; sourceTree = "<group>"; };
		F346B89C297B7C5D005FCFC6 /* SearchMovieRepositoryImpl.swift */ = {isa = PBXFileReference; lastKnownFileType = sourcecode.swift; path = SearchMovieRepositoryImpl.swift; sourceTree = "<group>"; };
		F346B89F297B7EB0005FCFC6 /* FetchSearchMovieUseCase.swift */ = {isa = PBXFileReference; lastKnownFileType = sourcecode.swift; path = FetchSearchMovieUseCase.swift; sourceTree = "<group>"; };
		F346B8A1297B7EB9005FCFC6 /* FetchSearchMovieUseCaseImpl.swift */ = {isa = PBXFileReference; lastKnownFileType = sourcecode.swift; path = FetchSearchMovieUseCaseImpl.swift; sourceTree = "<group>"; };
		F3520BD6297E22FE007D82A6 /* Videos.swift */ = {isa = PBXFileReference; lastKnownFileType = sourcecode.swift; path = Videos.swift; sourceTree = "<group>"; };
		F3520BD8297E230C007D82A6 /* Video.swift */ = {isa = PBXFileReference; lastKnownFileType = sourcecode.swift; path = Video.swift; sourceTree = "<group>"; };
		F3520BDC297E256C007D82A6 /* DetailModel.swift */ = {isa = PBXFileReference; lastKnownFileType = sourcecode.swift; path = DetailModel.swift; sourceTree = "<group>"; };
		F3520BDE297E25B6007D82A6 /* GenreModel.swift */ = {isa = PBXFileReference; lastKnownFileType = sourcecode.swift; path = GenreModel.swift; sourceTree = "<group>"; };
		F3520BE0297E25C7007D82A6 /* VideoModel.swift */ = {isa = PBXFileReference; lastKnownFileType = sourcecode.swift; path = VideoModel.swift; sourceTree = "<group>"; };
		F3520BE2297E25F1007D82A6 /* ProductionModel.swift */ = {isa = PBXFileReference; lastKnownFileType = sourcecode.swift; path = ProductionModel.swift; sourceTree = "<group>"; };
		F3520BE4297E2621007D82A6 /* BelongsCollectionModel.swift */ = {isa = PBXFileReference; lastKnownFileType = sourcecode.swift; path = BelongsCollectionModel.swift; sourceTree = "<group>"; };
		F3520BE6297E2949007D82A6 /* VideoExtension.swift */ = {isa = PBXFileReference; lastKnownFileType = sourcecode.swift; path = VideoExtension.swift; sourceTree = "<group>"; };
		F3520BE8297E2A95007D82A6 /* Image.swift */ = {isa = PBXFileReference; lastKnownFileType = sourcecode.swift; path = Image.swift; sourceTree = "<group>"; };
		F3520BEC297E2F36007D82A6 /* GenreMovieView.swift */ = {isa = PBXFileReference; lastKnownFileType = sourcecode.swift; path = GenreMovieView.swift; sourceTree = "<group>"; };
		F3520BEE297E357B007D82A6 /* RatingMovieView.swift */ = {isa = PBXFileReference; lastKnownFileType = sourcecode.swift; path = RatingMovieView.swift; sourceTree = "<group>"; };
		F3520BF0297E36AF007D82A6 /* RatingExtension.swift */ = {isa = PBXFileReference; lastKnownFileType = sourcecode.swift; path = RatingExtension.swift; sourceTree = "<group>"; };
		F3520BF3297E3E0E007D82A6 /* DetailMovieFactory.swift */ = {isa = PBXFileReference; lastKnownFileType = sourcecode.swift; path = DetailMovieFactory.swift; sourceTree = "<group>"; };
		F3520BF5297E3E1D007D82A6 /* DetailMovieFactoryImpl.swift */ = {isa = PBXFileReference; lastKnownFileType = sourcecode.swift; path = DetailMovieFactoryImpl.swift; sourceTree = "<group>"; };
		F3520BF8297E4037007D82A6 /* DetailMovieRepository.swift */ = {isa = PBXFileReference; lastKnownFileType = sourcecode.swift; path = DetailMovieRepository.swift; sourceTree = "<group>"; };
		F3520BFB297E40FB007D82A6 /* DetailMovieRepositoryImpl.swift */ = {isa = PBXFileReference; lastKnownFileType = sourcecode.swift; path = DetailMovieRepositoryImpl.swift; sourceTree = "<group>"; };
		F3520BFE297E424F007D82A6 /* FetchDetailMovieUseCase.swift */ = {isa = PBXFileReference; lastKnownFileType = sourcecode.swift; path = FetchDetailMovieUseCase.swift; sourceTree = "<group>"; };
		F3520C00297E4258007D82A6 /* FetchDetailMovieUseCaseImpl.swift */ = {isa = PBXFileReference; lastKnownFileType = sourcecode.swift; path = FetchDetailMovieUseCaseImpl.swift; sourceTree = "<group>"; };
		F3520C02297E48E9007D82A6 /* RouterExtension.swift */ = {isa = PBXFileReference; lastKnownFileType = sourcecode.swift; path = RouterExtension.swift; sourceTree = "<group>"; };
		F35CDE1E2974EE2300F9D273 /* Error.swift */ = {isa = PBXFileReference; lastKnownFileType = sourcecode.swift; path = Error.swift; sourceTree = "<group>"; };
		F35CDE202975022A00F9D273 /* MovieListViewModel.swift */ = {isa = PBXFileReference; lastKnownFileType = sourcecode.swift; path = MovieListViewModel.swift; sourceTree = "<group>"; };
		F35CDE252975200600F9D273 /* Banner.swift */ = {isa = PBXFileReference; lastKnownFileType = sourcecode.swift; path = Banner.swift; sourceTree = "<group>"; };
		F38347202979302100017379 /* ViewExtension.swift */ = {isa = PBXFileReference; lastKnownFileType = sourcecode.swift; path = ViewExtension.swift; sourceTree = "<group>"; };
		F38347222979350800017379 /* TextExtension.swift */ = {isa = PBXFileReference; lastKnownFileType = sourcecode.swift; path = TextExtension.swift; sourceTree = "<group>"; };
		F3955563297F5E1A002C1B99 /* ReviewModel.swift */ = {isa = PBXFileReference; lastKnownFileType = sourcecode.swift; path = ReviewModel.swift; sourceTree = "<group>"; };
		F3955565297F617B002C1B99 /* Review.swift */ = {isa = PBXFileReference; lastKnownFileType = sourcecode.swift; path = Review.swift; sourceTree = "<group>"; };
		F3955567297F658A002C1B99 /* Reviews.swift */ = {isa = PBXFileReference; lastKnownFileType = sourcecode.swift; path = Reviews.swift; sourceTree = "<group>"; };
		F395556B297F7665002C1B99 /* FavoriteSaved.swift */ = {isa = PBXFileReference; lastKnownFileType = sourcecode.swift; path = FavoriteSaved.swift; sourceTree = "<group>"; };
		F395556D297F77FC002C1B99 /* FavoriteButtonView.swift */ = {isa = PBXFileReference; lastKnownFileType = sourcecode.swift; path = FavoriteButtonView.swift; sourceTree = "<group>"; };
		F395556F297F7AE8002C1B99 /* ImageExtension.swift */ = {isa = PBXFileReference; lastKnownFileType = sourcecode.swift; path = ImageExtension.swift; sourceTree = "<group>"; };
		F3996210297A706C00D35804 /* GenreEntity.swift */ = {isa = PBXFileReference; lastKnownFileType = sourcecode.swift; path = GenreEntity.swift; sourceTree = "<group>"; };
		F3A1E5B5297D1346000DBB94 /* EmptyView.swift */ = {isa = PBXFileReference; lastKnownFileType = sourcecode.swift; path = EmptyView.swift; sourceTree = "<group>"; };
		F3A1E5B7297D14C7000DBB94 /* FavoriteViewModel.swift */ = {isa = PBXFileReference; lastKnownFileType = sourcecode.swift; path = FavoriteViewModel.swift; sourceTree = "<group>"; };
		F3A1E5C0297D1788000DBB94 /* DetailView.swift */ = {isa = PBXFileReference; lastKnownFileType = sourcecode.swift; path = DetailView.swift; sourceTree = "<group>"; };
		F3A1E5C2297D18AD000DBB94 /* DetailViewModel.swift */ = {isa = PBXFileReference; lastKnownFileType = sourcecode.swift; path = DetailViewModel.swift; sourceTree = "<group>"; };
		F3A8553229712CE5007695A6 /* MovieEntity.swift */ = {isa = PBXFileReference; lastKnownFileType = sourcecode.swift; path = MovieEntity.swift; sourceTree = "<group>"; };
		F3A8553529712EA1007695A6 /* MovieRepository.swift */ = {isa = PBXFileReference; lastKnownFileType = sourcecode.swift; path = MovieRepository.swift; sourceTree = "<group>"; };
		F3A8553B2971364B007695A6 /* FetchMoviesUseCase.swift */ = {isa = PBXFileReference; lastKnownFileType = sourcecode.swift; path = FetchMoviesUseCase.swift; sourceTree = "<group>"; };
		F3A8553D29713665007695A6 /* FetchMoviesUseCaseImpl.swift */ = {isa = PBXFileReference; lastKnownFileType = sourcecode.swift; path = FetchMoviesUseCaseImpl.swift; sourceTree = "<group>"; };
		F3A8554029713B54007695A6 /* MovieRepositoryImpl.swift */ = {isa = PBXFileReference; lastKnownFileType = sourcecode.swift; path = MovieRepositoryImpl.swift; sourceTree = "<group>"; };
		F3A8554229713F3F007695A6 /* API.swift */ = {isa = PBXFileReference; lastKnownFileType = sourcecode.swift; path = API.swift; sourceTree = "<group>"; };
		F3A8554529713F74007695A6 /* AppConstants.swift */ = {isa = PBXFileReference; lastKnownFileType = sourcecode.swift; path = AppConstants.swift; sourceTree = "<group>"; };
		F3B3E868297870B800864688 /* MoviesView.swift */ = {isa = PBXFileReference; lastKnownFileType = sourcecode.swift; path = MoviesView.swift; sourceTree = "<group>"; };
		F3B6D8C32978EDDD0094A3CD /* Banners.swift */ = {isa = PBXFileReference; lastKnownFileType = sourcecode.swift; path = Banners.swift; sourceTree = "<group>"; };
		F3B6D8C52978F0420094A3CD /* StringExtension.swift */ = {isa = PBXFileReference; lastKnownFileType = sourcecode.swift; path = StringExtension.swift; sourceTree = "<group>"; };
		F3B6D8C82978F0E30094A3CD /* LoadingView.swift */ = {isa = PBXFileReference; lastKnownFileType = sourcecode.swift; path = LoadingView.swift; sourceTree = "<group>"; };
		F3C849FD29716A9800EE77A7 /* NetworkRepository.swift */ = {isa = PBXFileReference; lastKnownFileType = sourcecode.swift; path = NetworkRepository.swift; sourceTree = "<group>"; };
		F3C849FF29716AA900EE77A7 /* NetworkRepositoryImpl.swift */ = {isa = PBXFileReference; lastKnownFileType = sourcecode.swift; path = NetworkRepositoryImpl.swift; sourceTree = "<group>"; };
		F3DA456C2978FA4600401797 /* Genre.swift */ = {isa = PBXFileReference; lastKnownFileType = sourcecode.swift; path = Genre.swift; sourceTree = "<group>"; };
		F3DA456E2979007D00401797 /* Genres.swift */ = {isa = PBXFileReference; lastKnownFileType = sourcecode.swift; path = Genres.swift; sourceTree = "<group>"; };
		F3DA457129790A3900401797 /* Movies.swift */ = {isa = PBXFileReference; lastKnownFileType = sourcecode.swift; path = Movies.swift; sourceTree = "<group>"; };
		F3DA457329790A7700401797 /* Movie.swift */ = {isa = PBXFileReference; lastKnownFileType = sourcecode.swift; path = Movie.swift; sourceTree = "<group>"; };
		F3EC726D29711560000C8A41 /* Movies.app */ = {isa = PBXFileReference; explicitFileType = wrapper.application; includeInIndex = 0; path = Movies.app; sourceTree = BUILT_PRODUCTS_DIR; };
		F3EC727029711560000C8A41 /* AppDelegate.swift */ = {isa = PBXFileReference; lastKnownFileType = sourcecode.swift; path = AppDelegate.swift; sourceTree = "<group>"; };
		F3EC727229711560000C8A41 /* SceneDelegate.swift */ = {isa = PBXFileReference; lastKnownFileType = sourcecode.swift; path = SceneDelegate.swift; sourceTree = "<group>"; };
		F3EC727929711562000C8A41 /* Assets.xcassets */ = {isa = PBXFileReference; lastKnownFileType = folder.assetcatalog; path = Assets.xcassets; sourceTree = "<group>"; };
		F3EC727C29711562000C8A41 /* Base */ = {isa = PBXFileReference; lastKnownFileType = file.storyboard; name = Base; path = Base.lproj/LaunchScreen.storyboard; sourceTree = "<group>"; };
		F3EC727E29711562000C8A41 /* Info.plist */ = {isa = PBXFileReference; lastKnownFileType = text.plist.xml; path = Info.plist; sourceTree = "<group>"; };
		F3F1410D297A490C006589CA /* MovieType.swift */ = {isa = PBXFileReference; lastKnownFileType = sourcecode.swift; path = MovieType.swift; sourceTree = "<group>"; };
/* End PBXFileReference section */

/* Begin PBXFrameworksBuildPhase section */
		F3EC726A29711560000C8A41 /* Frameworks */ = {
			isa = PBXFrameworksBuildPhase;
			buildActionMask = 2147483647;
			files = (
				6438FDAD8925D1E505F60E41 /* Pods_Movies.framework in Frameworks */,
			);
			runOnlyForDeploymentPostprocessing = 0;
		};
/* End PBXFrameworksBuildPhase section */

/* Begin PBXGroup section */
		49A2701451001B388CBBA933 /* Pods */ = {
			isa = PBXGroup;
			children = (
				94BDF75DBB9388858B327F1E /* Pods-MovieList.debug.xcconfig */,
				CC70704938AD46B452C8C75A /* Pods-MovieList.release.xcconfig */,
				B7F256E77F43C8FCBB499125 /* Pods-Movies.debug.xcconfig */,
				B5A0DCE46DF3506AEBA3FF48 /* Pods-Movies.release.xcconfig */,
			);
			path = Pods;
			sourceTree = "<group>";
		};
		BDA113D80D3A891FF5683532 /* Frameworks */ = {
			isa = PBXGroup;
			children = (
				8CDC031CE6EE9E663A96D938 /* Pods_Movies.framework */,
			);
			name = Frameworks;
			sourceTree = "<group>";
		};
		F319F1762971461000053309 /* Factory */ = {
			isa = PBXGroup;
			children = (
				F319F1772971463A00053309 /* MoviesApiActionFactory.swift */,
				F319F1792971465200053309 /* MoviesApiActionFactoryImpl.swift */,
			);
			path = Factory;
			sourceTree = "<group>";
		};
		F346B873297B6064005FCFC6 /* Modules */ = {
			isa = PBXGroup;
			children = (
				F3A1E5B9297D171E000DBB94 /* Detail */,
				F346B882297B7312005FCFC6 /* Search */,
				F346B881297B7309005FCFC6 /* Favorites */,
				F346B874297B6074005FCFC6 /* TabBar */,
				F3EC72842971164B000C8A41 /* Movies */,
			);
			path = Modules;
			sourceTree = "<group>";
		};
		F346B874297B6074005FCFC6 /* TabBar */ = {
			isa = PBXGroup;
			children = (
				F346B877297B621F005FCFC6 /* Presentation */,
			);
			path = TabBar;
			sourceTree = "<group>";
		};
		F346B877297B621F005FCFC6 /* Presentation */ = {
			isa = PBXGroup;
			children = (
				F346B879297B6234005FCFC6 /* Model */,
				F346B878297B622C005FCFC6 /* View */,
			);
			path = Presentation;
			sourceTree = "<group>";
		};
		F346B878297B622C005FCFC6 /* View */ = {
			isa = PBXGroup;
			children = (
				F346B875297B6084005FCFC6 /* TabBarView.swift */,
			);
			path = View;
			sourceTree = "<group>";
		};
		F346B879297B6234005FCFC6 /* Model */ = {
			isa = PBXGroup;
			children = (
				F346B87A297B6255005FCFC6 /* TabBarEntity.swift */,
			);
			path = Model;
			sourceTree = "<group>";
		};
		F346B881297B7309005FCFC6 /* Favorites */ = {
			isa = PBXGroup;
			children = (
				F346B884297B7324005FCFC6 /* Presentation */,
			);
			path = Favorites;
			sourceTree = "<group>";
		};
		F346B882297B7312005FCFC6 /* Search */ = {
			isa = PBXGroup;
			children = (
				F346B892297B7A0F005FCFC6 /* Data */,
				F346B891297B7A0A005FCFC6 /* Domain */,
				F346B883297B731E005FCFC6 /* Presentation */,
			);
			path = Search;
			sourceTree = "<group>";
		};
		F346B883297B731E005FCFC6 /* Presentation */ = {
			isa = PBXGroup;
			children = (
				F346B88A297B736B005FCFC6 /* Model */,
				F346B889297B735E005FCFC6 /* ViewModel */,
				F346B888297B7356005FCFC6 /* View */,
			);
			path = Presentation;
			sourceTree = "<group>";
		};
		F346B884297B7324005FCFC6 /* Presentation */ = {
			isa = PBXGroup;
			children = (
				F346B887297B7352005FCFC6 /* View */,
				F346B886297B7348005FCFC6 /* ViewModel */,
				F346B885297B7343005FCFC6 /* Model */,
			);
			path = Presentation;
			sourceTree = "<group>";
		};
		F346B885297B7343005FCFC6 /* Model */ = {
			isa = PBXGroup;
			children = (
			);
			path = Model;
			sourceTree = "<group>";
		};
		F346B886297B7348005FCFC6 /* ViewModel */ = {
			isa = PBXGroup;
			children = (
				F3A1E5B7297D14C7000DBB94 /* FavoriteViewModel.swift */,
			);
			path = ViewModel;
			sourceTree = "<group>";
		};
		F346B887297B7352005FCFC6 /* View */ = {
			isa = PBXGroup;
			children = (
				F346B88D297B73DE005FCFC6 /* FavoriteView.swift */,
			);
			path = View;
			sourceTree = "<group>";
		};
		F346B888297B7356005FCFC6 /* View */ = {
			isa = PBXGroup;
			children = (
				F346B88B297B7389005FCFC6 /* SearchView.swift */,
			);
			path = View;
			sourceTree = "<group>";
		};
		F346B889297B735E005FCFC6 /* ViewModel */ = {
			isa = PBXGroup;
			children = (
				F346B88F297B76DC005FCFC6 /* SearchViewModel.swift */,
			);
			path = ViewModel;
			sourceTree = "<group>";
		};
		F346B88A297B736B005FCFC6 /* Model */ = {
			isa = PBXGroup;
			children = (
			);
			path = Model;
			sourceTree = "<group>";
		};
		F346B891297B7A0A005FCFC6 /* Domain */ = {
			isa = PBXGroup;
			children = (
				F346B89E297B7E8D005FCFC6 /* UseCase */,
				F346B898297B7BBB005FCFC6 /* Repository */,
			);
			path = Domain;
			sourceTree = "<group>";
		};
		F346B892297B7A0F005FCFC6 /* Data */ = {
			isa = PBXGroup;
			children = (
				F346B89B297B7C47005FCFC6 /* Repository */,
				F346B893297B7A26005FCFC6 /* Factory */,
			);
			path = Data;
			sourceTree = "<group>";
		};
		F346B893297B7A26005FCFC6 /* Factory */ = {
			isa = PBXGroup;
			children = (
				F346B894297B7A3E005FCFC6 /* SearchMovieApiFactory.swift */,
				F346B896297B7A4B005FCFC6 /* SearchMovieApiFactoryImpl.swift */,
			);
			path = Factory;
			sourceTree = "<group>";
		};
		F346B898297B7BBB005FCFC6 /* Repository */ = {
			isa = PBXGroup;
			children = (
				F346B899297B7BD6005FCFC6 /* SearchMovieRepository.swift */,
			);
			path = Repository;
			sourceTree = "<group>";
		};
		F346B89B297B7C47005FCFC6 /* Repository */ = {
			isa = PBXGroup;
			children = (
				F346B89C297B7C5D005FCFC6 /* SearchMovieRepositoryImpl.swift */,
			);
			path = Repository;
			sourceTree = "<group>";
		};
		F346B89E297B7E8D005FCFC6 /* UseCase */ = {
			isa = PBXGroup;
			children = (
				F346B89F297B7EB0005FCFC6 /* FetchSearchMovieUseCase.swift */,
				F346B8A1297B7EB9005FCFC6 /* FetchSearchMovieUseCaseImpl.swift */,
			);
			path = UseCase;
			sourceTree = "<group>";
		};
		F3520BF2297E3DFB007D82A6 /* Factory */ = {
			isa = PBXGroup;
			children = (
				F3520BF3297E3E0E007D82A6 /* DetailMovieFactory.swift */,
				F3520BF5297E3E1D007D82A6 /* DetailMovieFactoryImpl.swift */,
			);
			path = Factory;
			sourceTree = "<group>";
		};
		F3520BF7297E4028007D82A6 /* Repository */ = {
			isa = PBXGroup;
			children = (
				F3520BF8297E4037007D82A6 /* DetailMovieRepository.swift */,
			);
			path = Repository;
			sourceTree = "<group>";
		};
		F3520BFA297E40E9007D82A6 /* Repository */ = {
			isa = PBXGroup;
			children = (
				F3520BFB297E40FB007D82A6 /* DetailMovieRepositoryImpl.swift */,
			);
			path = Repository;
			sourceTree = "<group>";
		};
		F3520BFD297E4240007D82A6 /* UseCase */ = {
			isa = PBXGroup;
			children = (
				F3520BFE297E424F007D82A6 /* FetchDetailMovieUseCase.swift */,
				F3520C00297E4258007D82A6 /* FetchDetailMovieUseCaseImpl.swift */,
			);
			path = UseCase;
			sourceTree = "<group>";
		};
		F35CDE2229751FD000F9D273 /* ReusableUI */ = {
			isa = PBXGroup;
			children = (
				F3A1E5B4297D133C000DBB94 /* Empty */,
				F3B6D8C72978F0D00094A3CD /* Loading */,
				F35CDE2429751FEC00F9D273 /* Item */,
				F35CDE2329751FDF00F9D273 /* Items */,
			);
			path = ReusableUI;
			sourceTree = "<group>";
		};
		F35CDE2329751FDF00F9D273 /* Items */ = {
			isa = PBXGroup;
			children = (
				F3B6D8C32978EDDD0094A3CD /* Banners.swift */,
				F3DA456E2979007D00401797 /* Genres.swift */,
				F3DA457129790A3900401797 /* Movies.swift */,
				F3520BD6297E22FE007D82A6 /* Videos.swift */,
				F3955567297F658A002C1B99 /* Reviews.swift */,
			);
			path = Items;
			sourceTree = "<group>";
		};
		F35CDE2429751FEC00F9D273 /* Item */ = {
			isa = PBXGroup;
			children = (
				F35CDE252975200600F9D273 /* Banner.swift */,
				F3DA456C2978FA4600401797 /* Genre.swift */,
				F3DA457329790A7700401797 /* Movie.swift */,
				F3520BD8297E230C007D82A6 /* Video.swift */,
				F3520BE8297E2A95007D82A6 /* Image.swift */,
				F3955565297F617B002C1B99 /* Review.swift */,
			);
			path = Item;
			sourceTree = "<group>";
		};
		F3A1E5B4297D133C000DBB94 /* Empty */ = {
			isa = PBXGroup;
			children = (
				F3A1E5B5297D1346000DBB94 /* EmptyView.swift */,
			);
			path = Empty;
			sourceTree = "<group>";
		};
		F3A1E5B9297D171E000DBB94 /* Detail */ = {
			isa = PBXGroup;
			children = (
				F3A1E5BC297D172F000DBB94 /* Presentation */,
				F3A1E5BB297D172A000DBB94 /* Data */,
				F3A1E5BA297D1726000DBB94 /* Domain */,
			);
			path = Detail;
			sourceTree = "<group>";
		};
		F3A1E5BA297D1726000DBB94 /* Domain */ = {
			isa = PBXGroup;
			children = (
				F3520BFD297E4240007D82A6 /* UseCase */,
				F3520BF7297E4028007D82A6 /* Repository */,
			);
			path = Domain;
			sourceTree = "<group>";
		};
		F3A1E5BB297D172A000DBB94 /* Data */ = {
			isa = PBXGroup;
			children = (
				F3520BFA297E40E9007D82A6 /* Repository */,
				F3520BF2297E3DFB007D82A6 /* Factory */,
			);
			path = Data;
			sourceTree = "<group>";
		};
		F3A1E5BC297D172F000DBB94 /* Presentation */ = {
			isa = PBXGroup;
			children = (
				F3A1E5BF297D1746000DBB94 /* Model */,
				F3A1E5BE297D1739000DBB94 /* ViewModel */,
				F3A1E5BD297D1735000DBB94 /* View */,
			);
			path = Presentation;
			sourceTree = "<group>";
		};
		F3A1E5BD297D1735000DBB94 /* View */ = {
			isa = PBXGroup;
			children = (
				F3A1E5C0297D1788000DBB94 /* DetailView.swift */,
				F3520BEC297E2F36007D82A6 /* GenreMovieView.swift */,
				F3520BEE297E357B007D82A6 /* RatingMovieView.swift */,
				F395556D297F77FC002C1B99 /* FavoriteButtonView.swift */,
			);
			path = View;
			sourceTree = "<group>";
		};
		F3A1E5BE297D1739000DBB94 /* ViewModel */ = {
			isa = PBXGroup;
			children = (
				F3A1E5C2297D18AD000DBB94 /* DetailViewModel.swift */,
			);
			path = ViewModel;
			sourceTree = "<group>";
		};
		F3A1E5BF297D1746000DBB94 /* Model */ = {
			isa = PBXGroup;
			children = (
				F3520BDC297E256C007D82A6 /* DetailModel.swift */,
				F3520BDE297E25B6007D82A6 /* GenreModel.swift */,
				F3520BE0297E25C7007D82A6 /* VideoModel.swift */,
				F3520BE2297E25F1007D82A6 /* ProductionModel.swift */,
				F3520BE4297E2621007D82A6 /* BelongsCollectionModel.swift */,
				F3955563297F5E1A002C1B99 /* ReviewModel.swift */,
			);
			path = Model;
			sourceTree = "<group>";
		};
		F3A8553429712E87007695A6 /* Repository */ = {
			isa = PBXGroup;
			children = (
				F3A8553529712EA1007695A6 /* MovieRepository.swift */,
			);
			path = Repository;
			sourceTree = "<group>";
		};
		F3A8553A29713615007695A6 /* UseCase */ = {
			isa = PBXGroup;
			children = (
				F3A8553B2971364B007695A6 /* FetchMoviesUseCase.swift */,
				F3A8553D29713665007695A6 /* FetchMoviesUseCaseImpl.swift */,
			);
			path = UseCase;
			sourceTree = "<group>";
		};
		F3A8553F2971396A007695A6 /* Repository */ = {
			isa = PBXGroup;
			children = (
				F3A8554029713B54007695A6 /* MovieRepositoryImpl.swift */,
			);
			path = Repository;
			sourceTree = "<group>";
		};
		F3A8554429713F63007695A6 /* Extension */ = {
			isa = PBXGroup;
			children = (
				F35CDE1E2974EE2300F9D273 /* Error.swift */,
				F3B6D8C52978F0420094A3CD /* StringExtension.swift */,
				F38347202979302100017379 /* ViewExtension.swift */,
				F38347222979350800017379 /* TextExtension.swift */,
				F346B87F297B7153005FCFC6 /* NavigationExtension.swift */,
				F3520BE6297E2949007D82A6 /* VideoExtension.swift */,
				F3520BF0297E36AF007D82A6 /* RatingExtension.swift */,
				F3520C02297E48E9007D82A6 /* RouterExtension.swift */,
				F395556F297F7AE8002C1B99 /* ImageExtension.swift */,
			);
			path = Extension;
			sourceTree = "<group>";
		};
		F3A8554729713F92007695A6 /* Constants */ = {
			isa = PBXGroup;
			children = (
				F3A8554529713F74007695A6 /* AppConstants.swift */,
				F395556B297F7665002C1B99 /* FavoriteSaved.swift */,
			);
			path = Constants;
			sourceTree = "<group>";
		};
		F3B6D8C72978F0D00094A3CD /* Loading */ = {
			isa = PBXGroup;
			children = (
				F3B6D8C82978F0E30094A3CD /* LoadingView.swift */,
			);
			path = Loading;
			sourceTree = "<group>";
		};
		F3EC726429711560000C8A41 = {
			isa = PBXGroup;
			children = (
				F3EC726F29711560000C8A41 /* Movies */,
				F3EC726E29711560000C8A41 /* Products */,
				49A2701451001B388CBBA933 /* Pods */,
				BDA113D80D3A891FF5683532 /* Frameworks */,
			);
			sourceTree = "<group>";
		};
		F3EC726E29711560000C8A41 /* Products */ = {
			isa = PBXGroup;
			children = (
				F3EC726D29711560000C8A41 /* Movies.app */,
			);
			name = Products;
			sourceTree = "<group>";
		};
		F3EC726F29711560000C8A41 /* Movies */ = {
			isa = PBXGroup;
			children = (
				F346B873297B6064005FCFC6 /* Modules */,
				F3EC72872971166A000C8A41 /* Various */,
				F3EC728629711662000C8A41 /* Network */,
				F3EC728529711654000C8A41 /* Helper */,
				F3EC727E29711562000C8A41 /* Info.plist */,
			);
			path = Movies;
			sourceTree = "<group>";
		};
		F3EC72842971164B000C8A41 /* Movies */ = {
			isa = PBXGroup;
			children = (
				F3EC728A297116E5000C8A41 /* Data */,
				F3EC7289297116E0000C8A41 /* Domain */,
				F3EC7288297116D6000C8A41 /* Presentation */,
			);
			path = Movies;
			sourceTree = "<group>";
		};
		F3EC728529711654000C8A41 /* Helper */ = {
			isa = PBXGroup;
			children = (
				F35CDE2229751FD000F9D273 /* ReusableUI */,
				F3A8554729713F92007695A6 /* Constants */,
				F3A8554429713F63007695A6 /* Extension */,
			);
			path = Helper;
			sourceTree = "<group>";
		};
		F3EC728629711662000C8A41 /* Network */ = {
			isa = PBXGroup;
			children = (
				F3A8554229713F3F007695A6 /* API.swift */,
				F3C849FD29716A9800EE77A7 /* NetworkRepository.swift */,
				F3C849FF29716AA900EE77A7 /* NetworkRepositoryImpl.swift */,
			);
			path = Network;
			sourceTree = "<group>";
		};
		F3EC72872971166A000C8A41 /* Various */ = {
			isa = PBXGroup;
			children = (
				F3EC727029711560000C8A41 /* AppDelegate.swift */,
				F3EC727229711560000C8A41 /* SceneDelegate.swift */,
				F3EC727929711562000C8A41 /* Assets.xcassets */,
				F3EC727B29711562000C8A41 /* LaunchScreen.storyboard */,
			);
			path = Various;
			sourceTree = "<group>";
		};
		F3EC7288297116D6000C8A41 /* Presentation */ = {
			isa = PBXGroup;
			children = (
				F3EC728B29711700000C8A41 /* Movies */,
			);
			path = Presentation;
			sourceTree = "<group>";
		};
		F3EC7289297116E0000C8A41 /* Domain */ = {
			isa = PBXGroup;
			children = (
				F3A8553A29713615007695A6 /* UseCase */,
				F3A8553429712E87007695A6 /* Repository */,
			);
			path = Domain;
			sourceTree = "<group>";
		};
		F3EC728A297116E5000C8A41 /* Data */ = {
			isa = PBXGroup;
			children = (
				F319F1762971461000053309 /* Factory */,
				F3A8553F2971396A007695A6 /* Repository */,
			);
			path = Data;
			sourceTree = "<group>";
		};
		F3EC728B29711700000C8A41 /* Movies */ = {
			isa = PBXGroup;
			children = (
				F3EC728E29711713000C8A41 /* Model */,
				F3EC728D2971170C000C8A41 /* ViewModel */,
				F3EC728C29711709000C8A41 /* View */,
			);
			path = Movies;
			sourceTree = "<group>";
		};
		F3EC728C29711709000C8A41 /* View */ = {
			isa = PBXGroup;
			children = (
				F3B3E868297870B800864688 /* MoviesView.swift */,
			);
			path = View;
			sourceTree = "<group>";
		};
		F3EC728D2971170C000C8A41 /* ViewModel */ = {
			isa = PBXGroup;
			children = (
				F35CDE202975022A00F9D273 /* MovieListViewModel.swift */,
			);
			path = ViewModel;
			sourceTree = "<group>";
		};
		F3EC728E29711713000C8A41 /* Model */ = {
			isa = PBXGroup;
			children = (
				F3A8553229712CE5007695A6 /* MovieEntity.swift */,
				F3F1410D297A490C006589CA /* MovieType.swift */,
				F3996210297A706C00D35804 /* GenreEntity.swift */,
			);
			path = Model;
			sourceTree = "<group>";
		};
/* End PBXGroup section */

/* Begin PBXNativeTarget section */
		F3EC726C29711560000C8A41 /* Movies */ = {
			isa = PBXNativeTarget;
			buildConfigurationList = F3EC728129711562000C8A41 /* Build configuration list for PBXNativeTarget "Movies" */;
			buildPhases = (
				545B951937CEC7ECB34291B7 /* [CP] Check Pods Manifest.lock */,
				F3EC726929711560000C8A41 /* Sources */,
				F3EC726A29711560000C8A41 /* Frameworks */,
				F3EC726B29711560000C8A41 /* Resources */,
				6A00361256C2CCAE62D6E970 /* [CP] Embed Pods Frameworks */,
			);
			buildRules = (
			);
			dependencies = (
			);
			name = Movies;
			productName = MovieList;
			productReference = F3EC726D29711560000C8A41 /* Movies.app */;
			productType = "com.apple.product-type.application";
		};
/* End PBXNativeTarget section */

/* Begin PBXProject section */
		F3EC726529711560000C8A41 /* Project object */ = {
			isa = PBXProject;
			attributes = {
				BuildIndependentTargetsInParallel = 1;
				LastSwiftUpdateCheck = 1310;
				LastUpgradeCheck = 1310;
				TargetAttributes = {
					F3EC726C29711560000C8A41 = {
						CreatedOnToolsVersion = 13.1;
					};
				};
			};
			buildConfigurationList = F3EC726829711560000C8A41 /* Build configuration list for PBXProject "Movies" */;
			compatibilityVersion = "Xcode 13.0";
			developmentRegion = en;
			hasScannedForEncodings = 0;
			knownRegions = (
				en,
				Base,
			);
			mainGroup = F3EC726429711560000C8A41;
			productRefGroup = F3EC726E29711560000C8A41 /* Products */;
			projectDirPath = "";
			projectRoot = "";
			targets = (
				F3EC726C29711560000C8A41 /* Movies */,
			);
		};
/* End PBXProject section */

/* Begin PBXResourcesBuildPhase section */
		F3EC726B29711560000C8A41 /* Resources */ = {
			isa = PBXResourcesBuildPhase;
			buildActionMask = 2147483647;
			files = (
				F3EC727D29711562000C8A41 /* LaunchScreen.storyboard in Resources */,
				F3EC727A29711562000C8A41 /* Assets.xcassets in Resources */,
			);
			runOnlyForDeploymentPostprocessing = 0;
		};
/* End PBXResourcesBuildPhase section */

/* Begin PBXShellScriptBuildPhase section */
		545B951937CEC7ECB34291B7 /* [CP] Check Pods Manifest.lock */ = {
			isa = PBXShellScriptBuildPhase;
			buildActionMask = 2147483647;
			files = (
			);
			inputFileListPaths = (
			);
			inputPaths = (
				"${PODS_PODFILE_DIR_PATH}/Podfile.lock",
				"${PODS_ROOT}/Manifest.lock",
			);
			name = "[CP] Check Pods Manifest.lock";
			outputFileListPaths = (
			);
			outputPaths = (
				"$(DERIVED_FILE_DIR)/Pods-Movies-checkManifestLockResult.txt",
			);
			runOnlyForDeploymentPostprocessing = 0;
			shellPath = /bin/sh;
			shellScript = "diff \"${PODS_PODFILE_DIR_PATH}/Podfile.lock\" \"${PODS_ROOT}/Manifest.lock\" > /dev/null\nif [ $? != 0 ] ; then\n    # print error to STDERR\n    echo \"error: The sandbox is not in sync with the Podfile.lock. Run 'pod install' or update your CocoaPods installation.\" >&2\n    exit 1\nfi\n# This output is used by Xcode 'outputs' to avoid re-running this script phase.\necho \"SUCCESS\" > \"${SCRIPT_OUTPUT_FILE_0}\"\n";
			showEnvVarsInLog = 0;
		};
		6A00361256C2CCAE62D6E970 /* [CP] Embed Pods Frameworks */ = {
			isa = PBXShellScriptBuildPhase;
			buildActionMask = 2147483647;
			files = (
			);
			inputFileListPaths = (
				"${PODS_ROOT}/Target Support Files/Pods-Movies/Pods-Movies-frameworks-${CONFIGURATION}-input-files.xcfilelist",
			);
			name = "[CP] Embed Pods Frameworks";
			outputFileListPaths = (
				"${PODS_ROOT}/Target Support Files/Pods-Movies/Pods-Movies-frameworks-${CONFIGURATION}-output-files.xcfilelist",
			);
			runOnlyForDeploymentPostprocessing = 0;
			shellPath = /bin/sh;
			shellScript = "\"${PODS_ROOT}/Target Support Files/Pods-Movies/Pods-Movies-frameworks.sh\"\n";
			showEnvVarsInLog = 0;
		};
/* End PBXShellScriptBuildPhase section */

/* Begin PBXSourcesBuildPhase section */
		F3EC726929711560000C8A41 /* Sources */ = {
			isa = PBXSourcesBuildPhase;
			buildActionMask = 2147483647;
			files = (
				F3520C03297E48E9007D82A6 /* RouterExtension.swift in Sources */,
				F346B8A0297B7EB0005FCFC6 /* FetchSearchMovieUseCase.swift in Sources */,
				F3C849FE29716A9800EE77A7 /* NetworkRepository.swift in Sources */,
				F3520BE3297E25F1007D82A6 /* ProductionModel.swift in Sources */,
				F3520BF4297E3E0E007D82A6 /* DetailMovieFactory.swift in Sources */,
				F3EC727129711560000C8A41 /* AppDelegate.swift in Sources */,
				F3A8553329712CE5007695A6 /* MovieEntity.swift in Sources */,
				F3520BE5297E2621007D82A6 /* BelongsCollectionModel.swift in Sources */,
				F3EC727329711560000C8A41 /* SceneDelegate.swift in Sources */,
				F395556C297F7665002C1B99 /* FavoriteSaved.swift in Sources */,
				F38347212979302100017379 /* ViewExtension.swift in Sources */,
				F319F17A2971465200053309 /* MoviesApiActionFactoryImpl.swift in Sources */,
				F35CDE1F2974EE2300F9D273 /* Error.swift in Sources */,
				F3F1410E297A490C006589CA /* MovieType.swift in Sources */,
				F3A1E5B8297D14C7000DBB94 /* FavoriteViewModel.swift in Sources */,
				F3DA456D2978FA4600401797 /* Genre.swift in Sources */,
				F3955568297F658A002C1B99 /* Reviews.swift in Sources */,
				F3A8553C2971364B007695A6 /* FetchMoviesUseCase.swift in Sources */,
				F395556E297F77FC002C1B99 /* FavoriteButtonView.swift in Sources */,
				F346B89D297B7C5D005FCFC6 /* SearchMovieRepositoryImpl.swift in Sources */,
				F35CDE262975200600F9D273 /* Banner.swift in Sources */,
				F346B8A2297B7EB9005FCFC6 /* FetchSearchMovieUseCaseImpl.swift in Sources */,
				F3520BED297E2F36007D82A6 /* GenreMovieView.swift in Sources */,
				F3520BF1297E36AF007D82A6 /* RatingExtension.swift in Sources */,
				F346B880297B7153005FCFC6 /* NavigationExtension.swift in Sources */,
				F3B3E869297870B800864688 /* MoviesView.swift in Sources */,
				F3520BEF297E357B007D82A6 /* RatingMovieView.swift in Sources */,
				F3996211297A706C00D35804 /* GenreEntity.swift in Sources */,
				F346B890297B76DC005FCFC6 /* SearchViewModel.swift in Sources */,
				F346B876297B6084005FCFC6 /* TabBarView.swift in Sources */,
				F3520C01297E4258007D82A6 /* FetchDetailMovieUseCaseImpl.swift in Sources */,
				F3DA457229790A3900401797 /* Movies.swift in Sources */,
				F3520BE7297E2949007D82A6 /* VideoExtension.swift in Sources */,
				F346B88E297B73DE005FCFC6 /* FavoriteView.swift in Sources */,
				F3B6D8C42978EDDD0094A3CD /* Banners.swift in Sources */,
				F3520BDD297E256C007D82A6 /* DetailModel.swift in Sources */,
				F3A8554329713F3F007695A6 /* API.swift in Sources */,
				F3A8554129713B54007695A6 /* MovieRepositoryImpl.swift in Sources */,
				F3A1E5C1297D1788000DBB94 /* DetailView.swift in Sources */,
				F3DA457429790A7700401797 /* Movie.swift in Sources */,
				F3A8553629712EA1007695A6 /* MovieRepository.swift in Sources */,
				F3520BE9297E2A95007D82A6 /* Image.swift in Sources */,
				F3A1E5B6297D1346000DBB94 /* EmptyView.swift in Sources */,
				F3B6D8C92978F0E30094A3CD /* LoadingView.swift in Sources */,
				F3520BE1297E25C7007D82A6 /* VideoModel.swift in Sources */,
				F3DA456F2979007D00401797 /* Genres.swift in Sources */,
				F3A1E5C3297D18AD000DBB94 /* DetailViewModel.swift in Sources */,
				F346B89A297B7BD6005FCFC6 /* SearchMovieRepository.swift in Sources */,
				F3520BFC297E40FB007D82A6 /* DetailMovieRepositoryImpl.swift in Sources */,
				F3520BD7297E22FE007D82A6 /* Videos.swift in Sources */,
				F3520BFF297E424F007D82A6 /* FetchDetailMovieUseCase.swift in Sources */,
				F3C84A0029716AA900EE77A7 /* NetworkRepositoryImpl.swift in Sources */,
				F3520BD9297E230C007D82A6 /* Video.swift in Sources */,
				F3A8554629713F74007695A6 /* AppConstants.swift in Sources */,
				F35CDE212975022A00F9D273 /* MovieListViewModel.swift in Sources */,
				F3B6D8C62978F0420094A3CD /* StringExtension.swift in Sources */,
				F319F1782971463A00053309 /* MoviesApiActionFactory.swift in Sources */,
				F3955564297F5E1A002C1B99 /* ReviewModel.swift in Sources */,
				F346B88C297B7389005FCFC6 /* SearchView.swift in Sources */,
				F38347232979350800017379 /* TextExtension.swift in Sources */,
				F3520BF9297E4037007D82A6 /* DetailMovieRepository.swift in Sources */,
				F346B87B297B6255005FCFC6 /* TabBarEntity.swift in Sources */,
				F3A8553E29713665007695A6 /* FetchMoviesUseCaseImpl.swift in Sources */,
				F3955566297F617B002C1B99 /* Review.swift in Sources */,
				F3520BF6297E3E1D007D82A6 /* DetailMovieFactoryImpl.swift in Sources */,
				F3520BDF297E25B6007D82A6 /* GenreModel.swift in Sources */,
				F346B895297B7A3E005FCFC6 /* SearchMovieApiFactory.swift in Sources */,
				F3955570297F7AE8002C1B99 /* ImageExtension.swift in Sources */,
				F346B897297B7A4B005FCFC6 /* SearchMovieApiFactoryImpl.swift in Sources */,
			);
			runOnlyForDeploymentPostprocessing = 0;
		};
/* End PBXSourcesBuildPhase section */

/* Begin PBXVariantGroup section */
		F3EC727B29711562000C8A41 /* LaunchScreen.storyboard */ = {
			isa = PBXVariantGroup;
			children = (
				F3EC727C29711562000C8A41 /* Base */,
			);
			name = LaunchScreen.storyboard;
			sourceTree = "<group>";
		};
/* End PBXVariantGroup section */

/* Begin XCBuildConfiguration section */
		F3EC727F29711562000C8A41 /* Debug */ = {
			isa = XCBuildConfiguration;
			buildSettings = {
				ALWAYS_SEARCH_USER_PATHS = NO;
				CLANG_ANALYZER_NONNULL = YES;
				CLANG_ANALYZER_NUMBER_OBJECT_CONVERSION = YES_AGGRESSIVE;
				CLANG_CXX_LANGUAGE_STANDARD = "gnu++17";
				CLANG_CXX_LIBRARY = "libc++";
				CLANG_ENABLE_MODULES = YES;
				CLANG_ENABLE_OBJC_ARC = YES;
				CLANG_ENABLE_OBJC_WEAK = YES;
				CLANG_WARN_BLOCK_CAPTURE_AUTORELEASING = YES;
				CLANG_WARN_BOOL_CONVERSION = YES;
				CLANG_WARN_COMMA = YES;
				CLANG_WARN_CONSTANT_CONVERSION = YES;
				CLANG_WARN_DEPRECATED_OBJC_IMPLEMENTATIONS = YES;
				CLANG_WARN_DIRECT_OBJC_ISA_USAGE = YES_ERROR;
				CLANG_WARN_DOCUMENTATION_COMMENTS = YES;
				CLANG_WARN_EMPTY_BODY = YES;
				CLANG_WARN_ENUM_CONVERSION = YES;
				CLANG_WARN_INFINITE_RECURSION = YES;
				CLANG_WARN_INT_CONVERSION = YES;
				CLANG_WARN_NON_LITERAL_NULL_CONVERSION = YES;
				CLANG_WARN_OBJC_IMPLICIT_RETAIN_SELF = YES;
				CLANG_WARN_OBJC_LITERAL_CONVERSION = YES;
				CLANG_WARN_OBJC_ROOT_CLASS = YES_ERROR;
				CLANG_WARN_QUOTED_INCLUDE_IN_FRAMEWORK_HEADER = YES;
				CLANG_WARN_RANGE_LOOP_ANALYSIS = YES;
				CLANG_WARN_STRICT_PROTOTYPES = YES;
				CLANG_WARN_SUSPICIOUS_MOVE = YES;
				CLANG_WARN_UNGUARDED_AVAILABILITY = YES_AGGRESSIVE;
				CLANG_WARN_UNREACHABLE_CODE = YES;
				CLANG_WARN__DUPLICATE_METHOD_MATCH = YES;
				COPY_PHASE_STRIP = NO;
				DEBUG_INFORMATION_FORMAT = dwarf;
				ENABLE_STRICT_OBJC_MSGSEND = YES;
				ENABLE_TESTABILITY = YES;
				GCC_C_LANGUAGE_STANDARD = gnu11;
				GCC_DYNAMIC_NO_PIC = NO;
				GCC_NO_COMMON_BLOCKS = YES;
				GCC_OPTIMIZATION_LEVEL = 0;
				GCC_PREPROCESSOR_DEFINITIONS = (
					"DEBUG=1",
					"$(inherited)",
				);
				GCC_WARN_64_TO_32_BIT_CONVERSION = YES;
				GCC_WARN_ABOUT_RETURN_TYPE = YES_ERROR;
				GCC_WARN_UNDECLARED_SELECTOR = YES;
				GCC_WARN_UNINITIALIZED_AUTOS = YES_AGGRESSIVE;
				GCC_WARN_UNUSED_FUNCTION = YES;
				GCC_WARN_UNUSED_VARIABLE = YES;
				IPHONEOS_DEPLOYMENT_TARGET = 15.0;
				MTL_ENABLE_DEBUG_INFO = INCLUDE_SOURCE;
				MTL_FAST_MATH = YES;
				ONLY_ACTIVE_ARCH = YES;
				SDKROOT = iphoneos;
				SWIFT_ACTIVE_COMPILATION_CONDITIONS = DEBUG;
				SWIFT_OPTIMIZATION_LEVEL = "-Onone";
			};
			name = Debug;
		};
		F3EC728029711562000C8A41 /* Release */ = {
			isa = XCBuildConfiguration;
			buildSettings = {
				ALWAYS_SEARCH_USER_PATHS = NO;
				CLANG_ANALYZER_NONNULL = YES;
				CLANG_ANALYZER_NUMBER_OBJECT_CONVERSION = YES_AGGRESSIVE;
				CLANG_CXX_LANGUAGE_STANDARD = "gnu++17";
				CLANG_CXX_LIBRARY = "libc++";
				CLANG_ENABLE_MODULES = YES;
				CLANG_ENABLE_OBJC_ARC = YES;
				CLANG_ENABLE_OBJC_WEAK = YES;
				CLANG_WARN_BLOCK_CAPTURE_AUTORELEASING = YES;
				CLANG_WARN_BOOL_CONVERSION = YES;
				CLANG_WARN_COMMA = YES;
				CLANG_WARN_CONSTANT_CONVERSION = YES;
				CLANG_WARN_DEPRECATED_OBJC_IMPLEMENTATIONS = YES;
				CLANG_WARN_DIRECT_OBJC_ISA_USAGE = YES_ERROR;
				CLANG_WARN_DOCUMENTATION_COMMENTS = YES;
				CLANG_WARN_EMPTY_BODY = YES;
				CLANG_WARN_ENUM_CONVERSION = YES;
				CLANG_WARN_INFINITE_RECURSION = YES;
				CLANG_WARN_INT_CONVERSION = YES;
				CLANG_WARN_NON_LITERAL_NULL_CONVERSION = YES;
				CLANG_WARN_OBJC_IMPLICIT_RETAIN_SELF = YES;
				CLANG_WARN_OBJC_LITERAL_CONVERSION = YES;
				CLANG_WARN_OBJC_ROOT_CLASS = YES_ERROR;
				CLANG_WARN_QUOTED_INCLUDE_IN_FRAMEWORK_HEADER = YES;
				CLANG_WARN_RANGE_LOOP_ANALYSIS = YES;
				CLANG_WARN_STRICT_PROTOTYPES = YES;
				CLANG_WARN_SUSPICIOUS_MOVE = YES;
				CLANG_WARN_UNGUARDED_AVAILABILITY = YES_AGGRESSIVE;
				CLANG_WARN_UNREACHABLE_CODE = YES;
				CLANG_WARN__DUPLICATE_METHOD_MATCH = YES;
				COPY_PHASE_STRIP = NO;
				DEBUG_INFORMATION_FORMAT = "dwarf-with-dsym";
				ENABLE_NS_ASSERTIONS = NO;
				ENABLE_STRICT_OBJC_MSGSEND = YES;
				GCC_C_LANGUAGE_STANDARD = gnu11;
				GCC_NO_COMMON_BLOCKS = YES;
				GCC_WARN_64_TO_32_BIT_CONVERSION = YES;
				GCC_WARN_ABOUT_RETURN_TYPE = YES_ERROR;
				GCC_WARN_UNDECLARED_SELECTOR = YES;
				GCC_WARN_UNINITIALIZED_AUTOS = YES_AGGRESSIVE;
				GCC_WARN_UNUSED_FUNCTION = YES;
				GCC_WARN_UNUSED_VARIABLE = YES;
				IPHONEOS_DEPLOYMENT_TARGET = 15.0;
				MTL_ENABLE_DEBUG_INFO = NO;
				MTL_FAST_MATH = YES;
				SDKROOT = iphoneos;
				SWIFT_COMPILATION_MODE = wholemodule;
				SWIFT_OPTIMIZATION_LEVEL = "-O";
				VALIDATE_PRODUCT = YES;
			};
			name = Release;
		};
		F3EC728229711562000C8A41 /* Debug */ = {
			isa = XCBuildConfiguration;
			baseConfigurationReference = B7F256E77F43C8FCBB499125 /* Pods-Movies.debug.xcconfig */;
			buildSettings = {
				ASSETCATALOG_COMPILER_APPICON_NAME = AppIcon;
				ASSETCATALOG_COMPILER_GLOBAL_ACCENT_COLOR_NAME = AccentColor;
				CODE_SIGN_STYLE = Automatic;
				CURRENT_PROJECT_VERSION = 1;
				DEVELOPMENT_TEAM = ZX9XPCSA65;
				GENERATE_INFOPLIST_FILE = YES;
				INFOPLIST_FILE = Movies/Info.plist;
				INFOPLIST_KEY_UIApplicationSupportsIndirectInputEvents = YES;
				INFOPLIST_KEY_UILaunchStoryboardName = LaunchScreen;
				INFOPLIST_KEY_UISupportedInterfaceOrientations_iPad = "UIInterfaceOrientationPortrait UIInterfaceOrientationPortraitUpsideDown UIInterfaceOrientationLandscapeLeft UIInterfaceOrientationLandscapeRight";
				INFOPLIST_KEY_UISupportedInterfaceOrientations_iPhone = "UIInterfaceOrientationPortrait UIInterfaceOrientationLandscapeLeft UIInterfaceOrientationLandscapeRight";
				LD_RUNPATH_SEARCH_PATHS = (
					"$(inherited)",
					"@executable_path/Frameworks",
				);
				MARKETING_VERSION = 1.0;
				PRODUCT_BUNDLE_IDENTIFIER = com.ahmadshiddiq.MovieList;
				PRODUCT_NAME = "$(TARGET_NAME)";
				SWIFT_EMIT_LOC_STRINGS = YES;
				SWIFT_VERSION = 5.0;
				TARGETED_DEVICE_FAMILY = "1,2";
			};
			name = Debug;
		};
		F3EC728329711562000C8A41 /* Release */ = {
			isa = XCBuildConfiguration;
			baseConfigurationReference = B5A0DCE46DF3506AEBA3FF48 /* Pods-Movies.release.xcconfig */;
			buildSettings = {
				ASSETCATALOG_COMPILER_APPICON_NAME = AppIcon;
				ASSETCATALOG_COMPILER_GLOBAL_ACCENT_COLOR_NAME = AccentColor;
				CODE_SIGN_STYLE = Automatic;
				CURRENT_PROJECT_VERSION = 1;
				DEVELOPMENT_TEAM = ZX9XPCSA65;
				GENERATE_INFOPLIST_FILE = YES;
				INFOPLIST_FILE = Movies/Info.plist;
				INFOPLIST_KEY_UIApplicationSupportsIndirectInputEvents = YES;
				INFOPLIST_KEY_UILaunchStoryboardName = LaunchScreen;
				INFOPLIST_KEY_UISupportedInterfaceOrientations_iPad = "UIInterfaceOrientationPortrait UIInterfaceOrientationPortraitUpsideDown UIInterfaceOrientationLandscapeLeft UIInterfaceOrientationLandscapeRight";
				INFOPLIST_KEY_UISupportedInterfaceOrientations_iPhone = "UIInterfaceOrientationPortrait UIInterfaceOrientationLandscapeLeft UIInterfaceOrientationLandscapeRight";
				LD_RUNPATH_SEARCH_PATHS = (
					"$(inherited)",
					"@executable_path/Frameworks",
				);
				MARKETING_VERSION = 1.0;
				PRODUCT_BUNDLE_IDENTIFIER = com.ahmadshiddiq.MovieList;
				PRODUCT_NAME = "$(TARGET_NAME)";
				SWIFT_EMIT_LOC_STRINGS = YES;
				SWIFT_VERSION = 5.0;
				TARGETED_DEVICE_FAMILY = "1,2";
			};
			name = Release;
		};
/* End XCBuildConfiguration section */

/* Begin XCConfigurationList section */
		F3EC726829711560000C8A41 /* Build configuration list for PBXProject "Movies" */ = {
			isa = XCConfigurationList;
			buildConfigurations = (
				F3EC727F29711562000C8A41 /* Debug */,
				F3EC728029711562000C8A41 /* Release */,
			);
			defaultConfigurationIsVisible = 0;
			defaultConfigurationName = Release;
		};
		F3EC728129711562000C8A41 /* Build configuration list for PBXNativeTarget "Movies" */ = {
			isa = XCConfigurationList;
			buildConfigurations = (
				F3EC728229711562000C8A41 /* Debug */,
				F3EC728329711562000C8A41 /* Release */,
			);
			defaultConfigurationIsVisible = 0;
			defaultConfigurationName = Release;
		};
/* End XCConfigurationList section */
	};
	rootObject = F3EC726529711560000C8A41 /* Project object */;
}
